{
  "version": 4,
  "terraform_version": "1.7.0",
  "serial": 38,
  "lineage": "4a924ab5-68a5-b088-3d7a-83434466131c",
  "outputs": {},
  "resources": [
    {
      "module": "module.base.module.redis",
      "mode": "managed",
      "type": "aws_elasticache_serverless_cache",
      "name": "reducto-elasticache",
      "provider": "provider[\"registry.terraform.io/hashicorp/aws\"]",
      "instances": [
        {
          "schema_version": 0,
          "attributes": {
            "arn": "arn:aws:elasticache:us-west-2:731106932034:serverlesscache:reducto-redis-4338b829",
            "cache_usage_limits": [],
            "create_time": "2024-06-11T20:37:39Z",
            "daily_snapshot_time": "08:00",
            "description": " ",
            "endpoint": [
              {
                "address": "reducto-redis-4338b829-tawacf.serverless.usw2.cache.amazonaws.com",
                "port": 6379
              }
            ],
            "engine": "redis",
            "full_engine_version": "7.1",
            "id": "reducto-redis-4338b829",
            "kms_key_id": null,
            "major_engine_version": "7",
            "name": "reducto-redis-4338b829",
            "reader_endpoint": [
              {
                "address": "reducto-redis-4338b829-tawacf.serverless.usw2.cache.amazonaws.com",
                "port": 6380
              }
            ],
            "security_group_ids": [
              "sg-09beb80cf8c716de5"
            ],
            "snapshot_arns_to_restore": null,
            "snapshot_retention_limit": 0,
            "status": "available",
            "subnet_ids": [
              "subnet-00a5188f9889e32d6",
              "subnet-03c68312710fc39b4",
              "subnet-0782f8a7b340eec4b"
            ],
            "tags": null,
            "tags_all": {},
            "timeouts": null,
            "user_group_id": null
          },
          "sensitive_attributes": [],
          "dependencies": [
            "module.base.module.redis.aws_security_group.redis_security_group",
            "module.base.module.redis.random_id.redis_name"
          ]
        }
      ]
    },
    {
      "module": "module.base.module.redis",
      "mode": "managed",
      "type": "aws_elasticache_subnet_group",
      "name": "redis_subnet_group",
      "provider": "provider[\"registry.terraform.io/hashicorp/aws\"]",
      "instances": [
        {
          "schema_version": 0,
          "attributes": {
            "arn": "arn:aws:elasticache:us-west-2:731106932034:subnetgroup:my-redis-subnet-group",
            "description": "Managed by Terraform",
            "id": "my-redis-subnet-group",
            "name": "my-redis-subnet-group",
            "subnet_ids": [
              "subnet-00a5188f9889e32d6",
              "subnet-03c68312710fc39b4",
              "subnet-0782f8a7b340eec4b"
            ],
            "tags": {},
            "tags_all": {},
            "vpc_id": "vpc-0815f0dabd68edf17"
          },
          "sensitive_attributes": [],
          "private": "bnVsbA=="
        }
      ]
    },
    {
      "module": "module.base.module.redis",
      "mode": "managed",
      "type": "aws_security_group",
      "name": "redis_security_group",
      "provider": "provider[\"registry.terraform.io/hashicorp/aws\"]",
      "instances": [
        {
          "schema_version": 1,
          "attributes": {
            "arn": "arn:aws:ec2:us-west-2:731106932034:security-group/sg-09beb80cf8c716de5",
            "description": "Security group for Redis ElastiCache",
            "egress": [
              {
                "cidr_blocks": [
                  "0.0.0.0/0"
                ],
                "description": "",
                "from_port": 0,
                "ipv6_cidr_blocks": [],
                "prefix_list_ids": [],
                "protocol": "-1",
                "security_groups": [],
                "self": false,
                "to_port": 0
              }
            ],
            "id": "sg-09beb80cf8c716de5",
            "ingress": [
              {
                "cidr_blocks": [
                  "0.0.0.0/0"
                ],
                "description": "",
                "from_port": 6379,
                "ipv6_cidr_blocks": [],
                "prefix_list_ids": [],
                "protocol": "tcp",
                "security_groups": [],
                "self": false,
                "to_port": 6379
              }
            ],
            "name": "redis-security-group20240611202641725400000001",
            "name_prefix": "redis-security-group",
            "owner_id": "731106932034",
            "revoke_rules_on_delete": false,
            "tags": {},
            "tags_all": {},
            "timeouts": null,
            "vpc_id": "vpc-0815f0dabd68edf17"
          },
          "sensitive_attributes": [],
          "private": "eyJlMmJmYjczMC1lY2FhLTExZTYtOGY4OC0zNDM2M2JjN2M0YzAiOnsiY3JlYXRlIjo2MDAwMDAwMDAwMDAsImRlbGV0ZSI6OTAwMDAwMDAwMDAwfSwic2NoZW1hX3ZlcnNpb24iOiIxIn0="
        }
      ]
    },
    {
      "module": "module.base.module.redis",
      "mode": "managed",
      "type": "random_id",
      "name": "redis_name",
      "provider": "provider[\"registry.terraform.io/hashicorp/random\"]",
      "instances": [
        {
          "schema_version": 0,
          "attributes": {
            "b64_std": "Qzi4KQ==",
            "b64_url": "Qzi4KQ",
            "byte_length": 4,
            "dec": "1127790633",
            "hex": "4338b829",
            "id": "Qzi4KQ",
            "keepers": null,
            "prefix": null
          },
          "sensitive_attributes": []
        }
      ]
    },
    {
      "module": "module.base.module.role",
      "mode": "managed",
      "type": "aws_iam_policy",
      "name": "reducto_container_policy",
      "provider": "provider[\"registry.terraform.io/hashicorp/aws\"]",
      "instances": [
        {
          "schema_version": 0,
          "attributes": {
            "arn": "arn:aws:iam::731106932034:policy/reducto-container-policy20240611202643242800000004",
            "attachment_count": 1,
            "description": "IAM policy to allow access to s3 and textract",
            "id": "arn:aws:iam::731106932034:policy/reducto-container-policy20240611202643242800000004",
            "name": "reducto-container-policy20240611202643242800000004",
            "name_prefix": "reducto-container-policy",
            "path": "/",
            "policy": "{\"Statement\":[{\"Action\":[\"s3:*\"],\"Effect\":\"Allow\",\"Resource\":[\"arn:aws:s3:::reducto-bucket20240611202641723900000002/*\",\"arn:aws:s3:::reducto-bucket20240611202641723900000002\"]},{\"Action\":[\"textract:DetectDocumentText\"],\"Effect\":\"Allow\",\"Resource\":\"*\"}],\"Version\":\"2012-10-17\"}",
            "policy_id": "ANPA2UOK6OVBCYYMNWFYK",
            "tags": {},
            "tags_all": {}
          },
          "sensitive_attributes": [],
          "private": "bnVsbA==",
          "dependencies": [
            "module.base.module.s3_bucket.aws_s3_bucket.bucket"
          ]
        }
      ]
    },
    {
      "module": "module.base.module.role",
      "mode": "managed",
      "type": "aws_iam_role",
      "name": "reducto_container_role",
      "provider": "provider[\"registry.terraform.io/hashicorp/aws\"]",
      "instances": [
        {
          "schema_version": 0,
          "attributes": {
            "arn": "arn:aws:iam::731106932034:role/reducto-container-role20240611202641723600000003",
            "assume_role_policy": "{\"Statement\":[{\"Action\":\"sts:AssumeRole\",\"Effect\":\"Allow\",\"Principal\":{\"Service\":\"ec2.amazonaws.com\"}}],\"Version\":\"2012-10-17\"}",
            "create_date": "2024-06-11T20:26:42Z",
            "description": "",
            "force_detach_policies": false,
            "id": "reducto-container-role20240611202641723600000003",
            "inline_policy": [],
            "managed_policy_arns": [
              "arn:aws:iam::731106932034:policy/reducto-container-policy20240611202643242800000004"
            ],
            "max_session_duration": 3600,
            "name": "reducto-container-role20240611202641723600000003",
            "name_prefix": "reducto-container-role",
            "path": "/",
            "permissions_boundary": "",
            "tags": {},
            "tags_all": {},
            "unique_id": "AROA2UOK6OVBOROVJROUP"
          },
          "sensitive_attributes": [],
          "private": "bnVsbA=="
        }
      ]
    },
    {
      "module": "module.base.module.role",
      "mode": "managed",
      "type": "aws_iam_role_policy_attachment",
      "name": "reducto_container_policy_attachment",
      "provider": "provider[\"registry.terraform.io/hashicorp/aws\"]",
      "instances": [
        {
          "schema_version": 0,
          "attributes": {
            "id": "reducto-container-role20240611202641723600000003-20240611202643772700000005",
            "policy_arn": "arn:aws:iam::731106932034:policy/reducto-container-policy20240611202643242800000004",
            "role": "reducto-container-role20240611202641723600000003"
          },
          "sensitive_attributes": [],
          "private": "bnVsbA==",
          "dependencies": [
            "module.base.module.role.aws_iam_policy.reducto_container_policy",
            "module.base.module.role.aws_iam_role.reducto_container_role",
            "module.base.module.s3_bucket.aws_s3_bucket.bucket"
          ]
        }
      ]
    },
    {
      "module": "module.base.module.s3_bucket",
      "mode": "managed",
      "type": "aws_s3_bucket",
      "name": "bucket",
      "provider": "provider[\"registry.terraform.io/hashicorp/aws\"]",
      "instances": [
        {
          "schema_version": 0,
          "attributes": {
            "acceleration_status": "",
            "acl": null,
            "arn": "arn:aws:s3:::reducto-bucket20240611202641723900000002",
            "bucket": "reducto-bucket20240611202641723900000002",
            "bucket_domain_name": "reducto-bucket20240611202641723900000002.s3.amazonaws.com",
            "bucket_prefix": "reducto-bucket",
            "bucket_regional_domain_name": "reducto-bucket20240611202641723900000002.s3.us-west-2.amazonaws.com",
            "cors_rule": [],
            "force_destroy": false,
            "grant": [
              {
                "id": "182e188cf582269c1facf54772d72d6c62ef90e37e91b8c359b5cd2765740710",
                "permissions": [
                  "FULL_CONTROL"
                ],
                "type": "CanonicalUser",
                "uri": ""
              }
            ],
            "hosted_zone_id": "Z3BJ6K6RIION7M",
            "id": "reducto-bucket20240611202641723900000002",
            "lifecycle_rule": [
              {
                "abort_incomplete_multipart_upload_days": 0,
                "enabled": true,
                "expiration": [
                  {
                    "date": "",
                    "days": 1,
                    "expired_object_delete_marker": false
                  }
                ],
                "id": "expire-1d",
                "noncurrent_version_expiration": [],
                "noncurrent_version_transition": [],
                "prefix": "",
                "tags": {},
                "transition": []
              }
            ],
            "logging": [],
            "object_lock_configuration": [],
            "object_lock_enabled": false,
            "policy": "",
            "region": "us-west-2",
            "replication_configuration": [],
            "request_payer": "BucketOwner",
            "server_side_encryption_configuration": [
              {
                "rule": [
                  {
                    "apply_server_side_encryption_by_default": [
                      {
                        "kms_master_key_id": "",
                        "sse_algorithm": "AES256"
                      }
                    ],
                    "bucket_key_enabled": false
                  }
                ]
              }
            ],
            "tags": {},
            "tags_all": {},
            "timeouts": null,
            "versioning": [
              {
                "enabled": false,
                "mfa_delete": false
              }
            ],
            "website": [],
            "website_domain": null,
            "website_endpoint": null
          },
          "sensitive_attributes": [],
          "private": "eyJlMmJmYjczMC1lY2FhLTExZTYtOGY4OC0zNDM2M2JjN2M0YzAiOnsiY3JlYXRlIjoxMjAwMDAwMDAwMDAwLCJkZWxldGUiOjM2MDAwMDAwMDAwMDAsInJlYWQiOjEyMDAwMDAwMDAwMDAsInVwZGF0ZSI6MTIwMDAwMDAwMDAwMH19"
        }
      ]
    },
    {
      "module": "module.base.module.s3_bucket",
      "mode": "managed",
      "type": "aws_s3_bucket_lifecycle_configuration",
      "name": "example",
      "provider": "provider[\"registry.terraform.io/hashicorp/aws\"]",
      "instances": [
        {
          "schema_version": 0,
          "attributes": {
            "bucket": "reducto-bucket20240611202641723900000002",
            "expected_bucket_owner": "",
            "id": "reducto-bucket20240611202641723900000002",
            "rule": [
              {
                "abort_incomplete_multipart_upload": [],
                "expiration": [
                  {
                    "date": "",
                    "days": 1,
                    "expired_object_delete_marker": false
                  }
                ],
                "filter": [
                  {
                    "and": [],
                    "object_size_greater_than": "",
                    "object_size_less_than": "",
                    "prefix": "",
                    "tag": []
                  }
                ],
                "id": "expire-1d",
                "noncurrent_version_expiration": [],
                "noncurrent_version_transition": [],
                "prefix": "",
                "status": "Enabled",
                "transition": []
              }
            ],
            "timeouts": null
          },
          "sensitive_attributes": [],
          "private": "eyJlMmJmYjczMC1lY2FhLTExZTYtOGY4OC0zNDM2M2JjN2M0YzAiOnsiY3JlYXRlIjoxODAwMDAwMDAwMDAsInVwZGF0ZSI6MTgwMDAwMDAwMDAwfX0=",
          "dependencies": [
            "module.base.module.s3_bucket.aws_s3_bucket.bucket"
          ]
        }
      ]
    }
  ],
  "check_results": null
}
