{
  "version": 4,
  "terraform_version": "1.7.0",
  "serial": 8,
  "lineage": "4a924ab5-68a5-b088-3d7a-83434466131c",
  "outputs": {
    "redis_endpoint": {
      "value": "reducto-redis-serverless-tawacf.serverless.usw2.cache.amazonaws.com:6379",
      "type": "string"
    },
    "s3_bucket_name": {
      "value": "reducto-bucket20240611194530850300000001",
      "type": "string"
    }
  },
  "resources": [
    {
      "module": "module.redis",
      "mode": "managed",
      "type": "aws_elasticache_serverless_cache",
      "name": "reducto-elasticache",
      "provider": "provider[\"registry.terraform.io/hashicorp/aws\"]",
      "instances": [
        {
          "schema_version": 0,
          "attributes": {
            "arn": "arn:aws:elasticache:us-west-2:731106932034:serverlesscache:reducto-redis-serverless",
            "cache_usage_limits": [],
            "create_time": "2024-06-11T19:45:33Z",
            "daily_snapshot_time": "11:30",
            "description": " ",
            "endpoint": [
              {
                "address": "reducto-redis-serverless-tawacf.serverless.usw2.cache.amazonaws.com",
                "port": 6379
              }
            ],
            "engine": "redis",
            "full_engine_version": "7.1",
            "id": "reducto-redis-serverless",
            "kms_key_id": null,
            "major_engine_version": "7",
            "name": "reducto-redis-serverless",
            "reader_endpoint": [
              {
                "address": "reducto-redis-serverless-tawacf.serverless.usw2.cache.amazonaws.com",
                "port": 6380
              }
            ],
            "security_group_ids": [
              "sg-05691f9c992ed535e"
            ],
            "snapshot_arns_to_restore": null,
            "snapshot_retention_limit": 0,
            "status": "available",
            "subnet_ids": [
              "subnet-00a5188f9889e32d6",
              "subnet-03c68312710fc39b4",
              "subnet-0782f8a7b340eec4b"
            ],
            "tags": null,
            "tags_all": {},
            "timeouts": null,
            "user_group_id": null
          },
          "sensitive_attributes": [],
          "dependencies": [
            "module.redis.aws_security_group.redis_security_group"
          ]
        }
      ]
    },
    {
      "module": "module.redis",
      "mode": "managed",
      "type": "aws_elasticache_subnet_group",
      "name": "redis_subnet_group",
      "provider": "provider[\"registry.terraform.io/hashicorp/aws\"]",
      "instances": [
        {
          "schema_version": 0,
          "attributes": {
            "arn": "arn:aws:elasticache:us-west-2:731106932034:subnetgroup:my-redis-subnet-group",
            "description": "Managed by Terraform",
            "id": "my-redis-subnet-group",
            "name": "my-redis-subnet-group",
            "subnet_ids": [
              "subnet-00a5188f9889e32d6",
              "subnet-03c68312710fc39b4",
              "subnet-0782f8a7b340eec4b"
            ],
            "tags": {},
            "tags_all": {},
            "vpc_id": "vpc-0815f0dabd68edf17"
          },
          "sensitive_attributes": [],
          "private": "bnVsbA=="
        }
      ]
    },
    {
      "module": "module.redis",
      "mode": "managed",
      "type": "aws_security_group",
      "name": "redis_security_group",
      "provider": "provider[\"registry.terraform.io/hashicorp/aws\"]",
      "instances": [
        {
          "schema_version": 1,
          "attributes": {
            "arn": "arn:aws:ec2:us-west-2:731106932034:security-group/sg-05691f9c992ed535e",
            "description": "Security group for Redis ElastiCache",
            "egress": [
              {
                "cidr_blocks": [
                  "0.0.0.0/0"
                ],
                "description": "",
                "from_port": 0,
                "ipv6_cidr_blocks": [],
                "prefix_list_ids": [],
                "protocol": "-1",
                "security_groups": [],
                "self": false,
                "to_port": 0
              }
            ],
            "id": "sg-05691f9c992ed535e",
            "ingress": [
              {
                "cidr_blocks": [
                  "0.0.0.0/0"
                ],
                "description": "",
                "from_port": 6379,
                "ipv6_cidr_blocks": [],
                "prefix_list_ids": [],
                "protocol": "tcp",
                "security_groups": [],
                "self": false,
                "to_port": 6379
              }
            ],
            "name": "redis-security-group20240611194530851700000002",
            "name_prefix": "redis-security-group",
            "owner_id": "731106932034",
            "revoke_rules_on_delete": false,
            "tags": {},
            "tags_all": {},
            "timeouts": null,
            "vpc_id": "vpc-0815f0dabd68edf17"
          },
          "sensitive_attributes": [],
          "private": "eyJlMmJmYjczMC1lY2FhLTExZTYtOGY4OC0zNDM2M2JjN2M0YzAiOnsiY3JlYXRlIjo2MDAwMDAwMDAwMDAsImRlbGV0ZSI6OTAwMDAwMDAwMDAwfSwic2NoZW1hX3ZlcnNpb24iOiIxIn0="
        }
      ]
    },
    {
      "module": "module.s3_bucket",
      "mode": "managed",
      "type": "aws_s3_bucket",
      "name": "bucket",
      "provider": "provider[\"registry.terraform.io/hashicorp/aws\"]",
      "instances": [
        {
          "schema_version": 0,
          "attributes": {
            "acceleration_status": "",
            "acl": null,
            "arn": "arn:aws:s3:::reducto-bucket20240611194530850300000001",
            "bucket": "reducto-bucket20240611194530850300000001",
            "bucket_domain_name": "reducto-bucket20240611194530850300000001.s3.amazonaws.com",
            "bucket_prefix": "reducto-bucket",
            "bucket_regional_domain_name": "reducto-bucket20240611194530850300000001.s3.us-west-2.amazonaws.com",
            "cors_rule": [],
            "force_destroy": false,
            "grant": [
              {
                "id": "182e188cf582269c1facf54772d72d6c62ef90e37e91b8c359b5cd2765740710",
                "permissions": [
                  "FULL_CONTROL"
                ],
                "type": "CanonicalUser",
                "uri": ""
              }
            ],
            "hosted_zone_id": "Z3BJ6K6RIION7M",
            "id": "reducto-bucket20240611194530850300000001",
            "lifecycle_rule": [
              {
                "abort_incomplete_multipart_upload_days": 0,
                "enabled": true,
                "expiration": [
                  {
                    "date": "",
                    "days": 1,
                    "expired_object_delete_marker": false
                  }
                ],
                "id": "expire-1d",
                "noncurrent_version_expiration": [],
                "noncurrent_version_transition": [],
                "prefix": "",
                "tags": {},
                "transition": []
              }
            ],
            "logging": [],
            "object_lock_configuration": [],
            "object_lock_enabled": false,
            "policy": "",
            "region": "us-west-2",
            "replication_configuration": [],
            "request_payer": "BucketOwner",
            "server_side_encryption_configuration": [
              {
                "rule": [
                  {
                    "apply_server_side_encryption_by_default": [
                      {
                        "kms_master_key_id": "",
                        "sse_algorithm": "AES256"
                      }
                    ],
                    "bucket_key_enabled": false
                  }
                ]
              }
            ],
            "tags": {},
            "tags_all": {},
            "timeouts": null,
            "versioning": [
              {
                "enabled": false,
                "mfa_delete": false
              }
            ],
            "website": [],
            "website_domain": null,
            "website_endpoint": null
          },
          "sensitive_attributes": [],
          "private": "eyJlMmJmYjczMC1lY2FhLTExZTYtOGY4OC0zNDM2M2JjN2M0YzAiOnsiY3JlYXRlIjoxMjAwMDAwMDAwMDAwLCJkZWxldGUiOjM2MDAwMDAwMDAwMDAsInJlYWQiOjEyMDAwMDAwMDAwMDAsInVwZGF0ZSI6MTIwMDAwMDAwMDAwMH19"
        }
      ]
    },
    {
      "module": "module.s3_bucket",
      "mode": "managed",
      "type": "aws_s3_bucket_lifecycle_configuration",
      "name": "example",
      "provider": "provider[\"registry.terraform.io/hashicorp/aws\"]",
      "instances": [
        {
          "schema_version": 0,
          "attributes": {
            "bucket": "reducto-bucket20240611194530850300000001",
            "expected_bucket_owner": "",
            "id": "reducto-bucket20240611194530850300000001",
            "rule": [
              {
                "abort_incomplete_multipart_upload": [],
                "expiration": [
                  {
                    "date": "",
                    "days": 1,
                    "expired_object_delete_marker": false
                  }
                ],
                "filter": [
                  {
                    "and": [],
                    "object_size_greater_than": "",
                    "object_size_less_than": "",
                    "prefix": "",
                    "tag": []
                  }
                ],
                "id": "expire-1d",
                "noncurrent_version_expiration": [],
                "noncurrent_version_transition": [],
                "prefix": "",
                "status": "Enabled",
                "transition": []
              }
            ],
            "timeouts": null
          },
          "sensitive_attributes": [],
          "private": "eyJlMmJmYjczMC1lY2FhLTExZTYtOGY4OC0zNDM2M2JjN2M0YzAiOnsiY3JlYXRlIjoxODAwMDAwMDAwMDAsInVwZGF0ZSI6MTgwMDAwMDAwMDAwfX0=",
          "dependencies": [
            "module.s3_bucket.aws_s3_bucket.bucket"
          ]
        }
      ]
    }
  ],
  "check_results": null
}
