{
  "version": 4,
  "terraform_version": "1.7.0",
  "serial": 118,
  "lineage": "4a924ab5-68a5-b088-3d7a-83434466131c",
  "outputs": {
    "reducto_endpoint": {
      "value": "http://ad12ba893e0e248389d3f2001a2711d4-314902363.us-west-2.elb.amazonaws.com",
      "type": "string"
    }
  },
  "resources": [
    {
      "module": "module.base.module.redis",
      "mode": "managed",
      "type": "aws_elasticache_serverless_cache",
      "name": "reducto-elasticache",
      "provider": "provider[\"registry.terraform.io/hashicorp/aws\"]",
      "instances": [
        {
          "schema_version": 0,
          "attributes": {
            "arn": "arn:aws:elasticache:us-west-2:731106932034:serverlesscache:reducto-redis-4338b829",
            "cache_usage_limits": [],
            "create_time": "2024-06-11T20:37:39Z",
            "daily_snapshot_time": "08:00",
            "description": " ",
            "endpoint": [
              {
                "address": "reducto-redis-4338b829-tawacf.serverless.usw2.cache.amazonaws.com",
                "port": 6379
              }
            ],
            "engine": "redis",
            "full_engine_version": "7.1",
            "id": "reducto-redis-4338b829",
            "kms_key_id": null,
            "major_engine_version": "7",
            "name": "reducto-redis-4338b829",
            "reader_endpoint": [
              {
                "address": "reducto-redis-4338b829-tawacf.serverless.usw2.cache.amazonaws.com",
                "port": 6380
              }
            ],
            "security_group_ids": [
              "sg-09beb80cf8c716de5"
            ],
            "snapshot_arns_to_restore": null,
            "snapshot_retention_limit": 0,
            "status": "available",
            "subnet_ids": [
              "subnet-00a5188f9889e32d6",
              "subnet-03c68312710fc39b4",
              "subnet-0782f8a7b340eec4b"
            ],
            "tags": null,
            "tags_all": {},
            "timeouts": null,
            "user_group_id": null
          },
          "sensitive_attributes": [],
          "dependencies": [
            "module.base.module.redis.aws_security_group.redis_security_group",
            "module.base.module.redis.random_id.redis_name"
          ]
        }
      ]
    },
    {
      "module": "module.base.module.redis",
      "mode": "managed",
      "type": "aws_elasticache_subnet_group",
      "name": "redis_subnet_group",
      "provider": "provider[\"registry.terraform.io/hashicorp/aws\"]",
      "instances": [
        {
          "schema_version": 0,
          "attributes": {
            "arn": "arn:aws:elasticache:us-west-2:731106932034:subnetgroup:my-redis-subnet-group",
            "description": "Managed by Terraform",
            "id": "my-redis-subnet-group",
            "name": "my-redis-subnet-group",
            "subnet_ids": [
              "subnet-00a5188f9889e32d6",
              "subnet-03c68312710fc39b4",
              "subnet-0782f8a7b340eec4b"
            ],
            "tags": {},
            "tags_all": {},
            "vpc_id": "vpc-0815f0dabd68edf17"
          },
          "sensitive_attributes": [],
          "private": "bnVsbA=="
        }
      ]
    },
    {
      "module": "module.base.module.redis",
      "mode": "managed",
      "type": "aws_security_group",
      "name": "redis_security_group",
      "provider": "provider[\"registry.terraform.io/hashicorp/aws\"]",
      "instances": [
        {
          "schema_version": 1,
          "attributes": {
            "arn": "arn:aws:ec2:us-west-2:731106932034:security-group/sg-09beb80cf8c716de5",
            "description": "Security group for Redis ElastiCache",
            "egress": [
              {
                "cidr_blocks": [
                  "0.0.0.0/0"
                ],
                "description": "",
                "from_port": 0,
                "ipv6_cidr_blocks": [],
                "prefix_list_ids": [],
                "protocol": "-1",
                "security_groups": [],
                "self": false,
                "to_port": 0
              }
            ],
            "id": "sg-09beb80cf8c716de5",
            "ingress": [
              {
                "cidr_blocks": [
                  "0.0.0.0/0"
                ],
                "description": "",
                "from_port": 6379,
                "ipv6_cidr_blocks": [],
                "prefix_list_ids": [],
                "protocol": "tcp",
                "security_groups": [],
                "self": false,
                "to_port": 6379
              }
            ],
            "name": "redis-security-group20240611202641725400000001",
            "name_prefix": "redis-security-group",
            "owner_id": "731106932034",
            "revoke_rules_on_delete": false,
            "tags": {},
            "tags_all": {},
            "timeouts": null,
            "vpc_id": "vpc-0815f0dabd68edf17"
          },
          "sensitive_attributes": [],
          "private": "eyJlMmJmYjczMC1lY2FhLTExZTYtOGY4OC0zNDM2M2JjN2M0YzAiOnsiY3JlYXRlIjo2MDAwMDAwMDAwMDAsImRlbGV0ZSI6OTAwMDAwMDAwMDAwfSwic2NoZW1hX3ZlcnNpb24iOiIxIn0="
        }
      ]
    },
    {
      "module": "module.base.module.redis",
      "mode": "managed",
      "type": "random_id",
      "name": "redis_name",
      "provider": "provider[\"registry.terraform.io/hashicorp/random\"]",
      "instances": [
        {
          "schema_version": 0,
          "attributes": {
            "b64_std": "Qzi4KQ==",
            "b64_url": "Qzi4KQ",
            "byte_length": 4,
            "dec": "1127790633",
            "hex": "4338b829",
            "id": "Qzi4KQ",
            "keepers": null,
            "prefix": null
          },
          "sensitive_attributes": []
        }
      ]
    },
    {
      "module": "module.base.module.role",
      "mode": "managed",
      "type": "aws_iam_policy",
      "name": "reducto_container_policy",
      "provider": "provider[\"registry.terraform.io/hashicorp/aws\"]",
      "instances": [
        {
          "schema_version": 0,
          "attributes": {
            "arn": "arn:aws:iam::731106932034:policy/reducto-container-policy20240611202643242800000004",
            "attachment_count": 0,
            "description": "IAM policy to allow access to s3 and textract",
            "id": "arn:aws:iam::731106932034:policy/reducto-container-policy20240611202643242800000004",
            "name": "reducto-container-policy20240611202643242800000004",
            "name_prefix": "reducto-container-policy",
            "path": "/",
            "policy": "{\"Statement\":[{\"Action\":[\"s3:*\"],\"Effect\":\"Allow\",\"Resource\":[\"arn:aws:s3:::reducto-bucket20240611202641723900000002/*\",\"arn:aws:s3:::reducto-bucket20240611202641723900000002\"]},{\"Action\":[\"textract:DetectDocumentText\"],\"Effect\":\"Allow\",\"Resource\":\"*\"}],\"Version\":\"2012-10-17\"}",
            "policy_id": "ANPA2UOK6OVBCYYMNWFYK",
            "tags": {},
            "tags_all": {}
          },
          "sensitive_attributes": [],
          "private": "bnVsbA==",
          "dependencies": [
            "module.base.module.s3_bucket.aws_s3_bucket.bucket"
          ]
        }
      ]
    },
    {
      "module": "module.base.module.s3_bucket",
      "mode": "managed",
      "type": "aws_s3_bucket",
      "name": "bucket",
      "provider": "provider[\"registry.terraform.io/hashicorp/aws\"]",
      "instances": [
        {
          "schema_version": 0,
          "attributes": {
            "acceleration_status": "",
            "acl": null,
            "arn": "arn:aws:s3:::reducto-bucket20240611202641723900000002",
            "bucket": "reducto-bucket20240611202641723900000002",
            "bucket_domain_name": "reducto-bucket20240611202641723900000002.s3.amazonaws.com",
            "bucket_prefix": "reducto-bucket",
            "bucket_regional_domain_name": "reducto-bucket20240611202641723900000002.s3.us-west-2.amazonaws.com",
            "cors_rule": [],
            "force_destroy": false,
            "grant": [
              {
                "id": "182e188cf582269c1facf54772d72d6c62ef90e37e91b8c359b5cd2765740710",
                "permissions": [
                  "FULL_CONTROL"
                ],
                "type": "CanonicalUser",
                "uri": ""
              }
            ],
            "hosted_zone_id": "Z3BJ6K6RIION7M",
            "id": "reducto-bucket20240611202641723900000002",
            "lifecycle_rule": [
              {
                "abort_incomplete_multipart_upload_days": 0,
                "enabled": true,
                "expiration": [
                  {
                    "date": "",
                    "days": 1,
                    "expired_object_delete_marker": false
                  }
                ],
                "id": "expire-1d",
                "noncurrent_version_expiration": [],
                "noncurrent_version_transition": [],
                "prefix": "",
                "tags": {},
                "transition": []
              }
            ],
            "logging": [],
            "object_lock_configuration": [],
            "object_lock_enabled": false,
            "policy": "",
            "region": "us-west-2",
            "replication_configuration": [],
            "request_payer": "BucketOwner",
            "server_side_encryption_configuration": [
              {
                "rule": [
                  {
                    "apply_server_side_encryption_by_default": [
                      {
                        "kms_master_key_id": "",
                        "sse_algorithm": "AES256"
                      }
                    ],
                    "bucket_key_enabled": false
                  }
                ]
              }
            ],
            "tags": {},
            "tags_all": {},
            "timeouts": null,
            "versioning": [
              {
                "enabled": false,
                "mfa_delete": false
              }
            ],
            "website": [],
            "website_domain": null,
            "website_endpoint": null
          },
          "sensitive_attributes": [],
          "private": "eyJlMmJmYjczMC1lY2FhLTExZTYtOGY4OC0zNDM2M2JjN2M0YzAiOnsiY3JlYXRlIjoxMjAwMDAwMDAwMDAwLCJkZWxldGUiOjM2MDAwMDAwMDAwMDAsInJlYWQiOjEyMDAwMDAwMDAwMDAsInVwZGF0ZSI6MTIwMDAwMDAwMDAwMH19"
        }
      ]
    },
    {
      "module": "module.base.module.s3_bucket",
      "mode": "managed",
      "type": "aws_s3_bucket_lifecycle_configuration",
      "name": "example",
      "provider": "provider[\"registry.terraform.io/hashicorp/aws\"]",
      "instances": [
        {
          "schema_version": 0,
          "attributes": {
            "bucket": "reducto-bucket20240611202641723900000002",
            "expected_bucket_owner": "",
            "id": "reducto-bucket20240611202641723900000002",
            "rule": [
              {
                "abort_incomplete_multipart_upload": [],
                "expiration": [
                  {
                    "date": "",
                    "days": 1,
                    "expired_object_delete_marker": false
                  }
                ],
                "filter": [
                  {
                    "and": [],
                    "object_size_greater_than": "",
                    "object_size_less_than": "",
                    "prefix": "",
                    "tag": []
                  }
                ],
                "id": "expire-1d",
                "noncurrent_version_expiration": [],
                "noncurrent_version_transition": [],
                "prefix": "",
                "status": "Enabled",
                "transition": []
              }
            ],
            "timeouts": null
          },
          "sensitive_attributes": [],
          "private": "eyJlMmJmYjczMC1lY2FhLTExZTYtOGY4OC0zNDM2M2JjN2M0YzAiOnsiY3JlYXRlIjoxODAwMDAwMDAwMDAsInVwZGF0ZSI6MTgwMDAwMDAwMDAwfX0=",
          "dependencies": [
            "module.base.module.s3_bucket.aws_s3_bucket.bucket"
          ]
        }
      ]
    },
    {
      "module": "module.helm",
      "mode": "data",
      "type": "aws_eks_cluster",
      "name": "cluster",
      "provider": "provider[\"registry.terraform.io/hashicorp/aws\"]",
      "instances": [
        {
          "schema_version": 0,
          "attributes": {
            "access_config": [
              {
                "authentication_mode": "API_AND_CONFIG_MAP"
              }
            ],
            "arn": "arn:aws:eks:us-west-2:731106932034:cluster/reducto-cluster-41fd421f",
            "certificate_authority": [
              {
                "data": "LS0tLS1CRUdJTiBDRVJUSUZJQ0FURS0tLS0tCk1JSURCVENDQWUyZ0F3SUJBZ0lJWG93RkdkR0dwU2t3RFFZSktvWklodmNOQVFFTEJRQXdGVEVUTUJFR0ExVUUKQXhNS2EzVmlaWEp1WlhSbGN6QWVGdzB5TkRBMk1URXlNRFE1TlRCYUZ3MHpOREEyTURreU1EVTBOVEJhTUJVeApFekFSQmdOVkJBTVRDbXQxWW1WeWJtVjBaWE13Z2dFaU1BMEdDU3FHU0liM0RRRUJBUVVBQTRJQkR3QXdnZ0VLCkFvSUJBUUR1cHluSGFDbWtqODkwdUxFSGhISTNsbFRvRkpzVjkxS0Zlbk5ybXUvNkZoazNadDBMbTBINlE3b2EKT3VrMmdWa2tFVG01TUEzdWNsNzduRk1KL0sxWThQbTJNUzVIQVNvUmk4cmdBSzg3TGtJMDgwR09lWjlFWUQ3MApFVHBtb3JLekFmSXNUcDl1UUpPdVpSQ2lwR0FJZlRMeUVWOHMrekcvdjVmMUowMGNlOVNLTWNRTXRYZXJYeFlzCnR0MG5UMXZreXA1UTRwMDd0dDBabWo2Y080OUlTR3hZakVlazBvMjhXdm5lN2R5b2RFb0lLMlcyaHFsc0pnb2sKZGloQy9ncHlKb2daQTRVbGZ0K0szOS8vZXN2dnpWQTJGOVlsYVdLdUJvRmxFeTllbmdSS0hxZEsrMGdPN3lMSwpacWc3ZXpIbzVVOC9uNlI5RkFQamx4R3RwdldwQWdNQkFBR2pXVEJYTUE0R0ExVWREd0VCL3dRRUF3SUNwREFQCkJnTlZIUk1CQWY4RUJUQURBUUgvTUIwR0ExVWREZ1FXQkJRbEVzc0hsNXlUdU41NTllT2ZtY0tqQ0dRQTRqQVYKQmdOVkhSRUVEakFNZ2dwcmRXSmxjbTVsZEdWek1BMEdDU3FHU0liM0RRRUJDd1VBQTRJQkFRQlFCeTc1QlZBcQpVUEd3NjFPbldLenpFMDJwcFdoeU5ZUnlwTFZyWnZhWVFnTXM5WkJRamh1TFlxUUx5eXZvQ3dDZXNxOXljNUNpCm1adzczRGhrMlVNY3lVQ2ZZalRCZjhiWlBVZlBlY1NFeCtjVjNpWU9Eb1d3Slg3eEVCcEdkRGVacmxoMEJybVMKOFdkUlFscENkTElaSzJKN1Q2aGpTTFJuemJJMmtaZE5hczZuOURwbWl4YldqUU9ma25xakcxcFlUSHJzaXFsawpDWnpHcHVmS2cyMGc2L2xsSzdZY29YOVlFNUhmWk4wVVN3Y2RyYmRKZjVyL2t5cjQzRklBbTY1azVKRURXaGc3ClFEbnJZWVNYdWVLcmdSSTNqcVIxejFxUUFoYjRNaXVXMC9YbTBKTXluRUdqOG5Tdm1tRVV5dE5FSFQyczlVNjQKeGVyTW1kQm9KVmhUCi0tLS0tRU5EIENFUlRJRklDQVRFLS0tLS0K"
              }
            ],
            "cluster_id": null,
            "created_at": "2024-06-11 20:49:48.004 +0000 UTC",
            "enabled_cluster_log_types": [
              "api",
              "audit",
              "authenticator"
            ],
            "endpoint": "https://22787C4C267AC43333B6EDE9A7F3C427.sk1.us-west-2.eks.amazonaws.com",
            "id": "reducto-cluster-41fd421f",
            "identity": [
              {
                "oidc": [
                  {
                    "issuer": "https://oidc.eks.us-west-2.amazonaws.com/id/22787C4C267AC43333B6EDE9A7F3C427"
                  }
                ]
              }
            ],
            "kubernetes_network_config": [
              {
                "ip_family": "ipv4",
                "service_ipv4_cidr": "10.100.0.0/16",
                "service_ipv6_cidr": ""
              }
            ],
            "name": "reducto-cluster-41fd421f",
            "outpost_config": [],
            "platform_version": "eks.7",
            "role_arn": "arn:aws:iam::731106932034:role/reducto-cluster-41fd421f-cluster-20240611204924233100000004",
            "status": "ACTIVE",
            "tags": {
              "terraform-aws-modules": "eks"
            },
            "version": "1.29",
            "vpc_config": [
              {
                "cluster_security_group_id": "sg-095ec1f3a5381e8bc",
                "endpoint_private_access": true,
                "endpoint_public_access": true,
                "public_access_cidrs": [
                  "0.0.0.0/0"
                ],
                "security_group_ids": [
                  "sg-03f6e1140d2338647"
                ],
                "subnet_ids": [
                  "subnet-00a5188f9889e32d6",
                  "subnet-03c68312710fc39b4",
                  "subnet-0782f8a7b340eec4b"
                ],
                "vpc_id": "vpc-0815f0dabd68edf17"
              }
            ]
          },
          "sensitive_attributes": []
        }
      ]
    },
    {
      "module": "module.helm",
      "mode": "data",
      "type": "aws_eks_cluster_auth",
      "name": "cluster",
      "provider": "provider[\"registry.terraform.io/hashicorp/aws\"]",
      "instances": [
        {
          "schema_version": 0,
          "attributes": {
            "id": "reducto-cluster-41fd421f",
            "name": "reducto-cluster-41fd421f",
            "token": "k8s-aws-v1.aHR0cHM6Ly9zdHMudXMtd2VzdC0yLmFtYXpvbmF3cy5jb20vP0FjdGlvbj1HZXRDYWxsZXJJZGVudGl0eSZWZXJzaW9uPTIwMTEtMDYtMTUmWC1BbXotQWxnb3JpdGhtPUFXUzQtSE1BQy1TSEEyNTYmWC1BbXotQ3JlZGVudGlhbD1BS0lBMlVPSzZPVkJCUVdFNUlRSCUyRjIwMjQwNjEyJTJGdXMtd2VzdC0yJTJGc3RzJTJGYXdzNF9yZXF1ZXN0JlgtQW16LURhdGU9MjAyNDA2MTJUMDIyMzA3WiZYLUFtei1FeHBpcmVzPTAmWC1BbXotU2lnbmVkSGVhZGVycz1ob3N0JTNCeC1rOHMtYXdzLWlkJlgtQW16LVNpZ25hdHVyZT1iNzBkYjhkNjM1ZDFlYjQxNDY0M2E2YmJlY2MxMWI3YTI3ZjRlYzJiZDE1Y2FhY2Y4NWM0MDYxZGZlMDM5ZTkx"
          },
          "sensitive_attributes": []
        }
      ]
    },
    {
      "module": "module.helm",
      "mode": "data",
      "type": "kubernetes_service",
      "name": "nginx",
      "provider": "module.helm.provider[\"registry.terraform.io/hashicorp/kubernetes\"]",
      "instances": [
        {
          "schema_version": 0,
          "attributes": {
            "id": "default/nginx",
            "metadata": [
              {
                "annotations": {
                  "meta.helm.sh/release-name": "nginx",
                  "meta.helm.sh/release-namespace": "default"
                },
                "generation": 0,
                "labels": {
                  "app.kubernetes.io/instance": "nginx",
                  "app.kubernetes.io/managed-by": "Helm",
                  "app.kubernetes.io/name": "nginx",
                  "app.kubernetes.io/version": "1.27.0",
                  "helm.sh/chart": "nginx-18.1.0"
                },
                "name": "nginx",
                "namespace": "default",
                "resource_version": "50606",
                "uid": "85fa2972-2174-4f91-b32e-dee82740186a"
              }
            ],
            "spec": [
              {
                "allocate_load_balancer_node_ports": true,
                "cluster_ip": "10.100.122.26",
                "cluster_ips": [
                  "10.100.122.26"
                ],
                "external_ips": [],
                "external_name": "",
                "external_traffic_policy": "Cluster",
                "health_check_node_port": 0,
                "internal_traffic_policy": "Cluster",
                "ip_families": [
                  "IPv4"
                ],
                "ip_family_policy": "SingleStack",
                "load_balancer_class": "",
                "load_balancer_ip": "",
                "load_balancer_source_ranges": [],
                "port": [
                  {
                    "app_protocol": "",
                    "name": "http",
                    "node_port": 30950,
                    "port": 80,
                    "protocol": "TCP",
                    "target_port": "http"
                  },
                  {
                    "app_protocol": "",
                    "name": "https",
                    "node_port": 32262,
                    "port": 443,
                    "protocol": "TCP",
                    "target_port": "https"
                  }
                ],
                "publish_not_ready_addresses": false,
                "selector": {
                  "app.kubernetes.io/instance": "nginx",
                  "app.kubernetes.io/name": "nginx"
                },
                "session_affinity": "None",
                "session_affinity_config": [],
                "type": "LoadBalancer"
              }
            ],
            "status": [
              {
                "load_balancer": [
                  {
                    "ingress": [
                      {
                        "hostname": "a85fa297221744f91b32edee82740186-1621127283.us-west-2.elb.amazonaws.com",
                        "ip": ""
                      }
                    ]
                  }
                ]
              }
            ]
          },
          "sensitive_attributes": []
        }
      ]
    },
    {
      "module": "module.helm",
      "mode": "data",
      "type": "kubernetes_service",
      "name": "reducto",
      "provider": "module.helm.provider[\"registry.terraform.io/hashicorp/kubernetes\"]",
      "instances": [
        {
          "schema_version": 0,
          "attributes": {
            "id": "default/reducto-reducto-chart",
            "metadata": [
              {
                "annotations": {
                  "meta.helm.sh/release-name": "reducto",
                  "meta.helm.sh/release-namespace": "default"
                },
                "generation": 0,
                "labels": {
                  "app.kubernetes.io/instance": "reducto",
                  "app.kubernetes.io/managed-by": "Helm",
                  "app.kubernetes.io/name": "reducto-chart",
                  "app.kubernetes.io/version": "1.16.0",
                  "helm.sh/chart": "reducto-chart-0.1.0"
                },
                "name": "reducto-reducto-chart",
                "namespace": "default",
                "resource_version": "49721",
                "uid": "d12ba893-e0e2-4838-9d3f-2001a2711d4a"
              }
            ],
            "spec": [
              {
                "allocate_load_balancer_node_ports": true,
                "cluster_ip": "10.100.26.170",
                "cluster_ips": [
                  "10.100.26.170"
                ],
                "external_ips": [],
                "external_name": "",
                "external_traffic_policy": "Cluster",
                "health_check_node_port": 0,
                "internal_traffic_policy": "Cluster",
                "ip_families": [
                  "IPv4"
                ],
                "ip_family_policy": "SingleStack",
                "load_balancer_class": "",
                "load_balancer_ip": "",
                "load_balancer_source_ranges": [],
                "port": [
                  {
                    "app_protocol": "",
                    "name": "http",
                    "node_port": 30365,
                    "port": 80,
                    "protocol": "TCP",
                    "target_port": "http"
                  }
                ],
                "publish_not_ready_addresses": false,
                "selector": {
                  "app.kubernetes.io/instance": "reducto",
                  "app.kubernetes.io/name": "reducto-chart"
                },
                "session_affinity": "None",
                "session_affinity_config": [],
                "type": "LoadBalancer"
              }
            ],
            "status": [
              {
                "load_balancer": [
                  {
                    "ingress": [
                      {
                        "hostname": "ad12ba893e0e248389d3f2001a2711d4-314902363.us-west-2.elb.amazonaws.com",
                        "ip": ""
                      }
                    ]
                  }
                ]
              }
            ]
          },
          "sensitive_attributes": []
        }
      ]
    },
    {
      "module": "module.helm",
      "mode": "managed",
      "type": "helm_release",
      "name": "nginx",
      "provider": "module.helm.provider[\"registry.terraform.io/hashicorp/helm\"]",
      "instances": [
        {
          "schema_version": 1,
          "attributes": {
            "atomic": false,
            "chart": "nginx",
            "cleanup_on_fail": false,
            "create_namespace": false,
            "dependency_update": false,
            "description": null,
            "devel": null,
            "disable_crd_hooks": false,
            "disable_openapi_validation": false,
            "disable_webhooks": false,
            "force_update": false,
            "id": "nginx",
            "keyring": null,
            "lint": false,
            "manifest": null,
            "max_history": 0,
            "metadata": [
              {
                "app_version": "1.27.0",
                "chart": "nginx",
                "name": "nginx",
                "namespace": "default",
                "revision": 1,
                "values": "{}",
                "version": "18.1.0"
              }
            ],
            "name": "nginx",
            "namespace": "default",
            "pass_credentials": false,
            "postrender": [],
            "recreate_pods": false,
            "render_subchart_notes": true,
            "replace": false,
            "repository": "https://charts.bitnami.com/bitnami",
            "repository_ca_file": null,
            "repository_cert_file": null,
            "repository_key_file": null,
            "repository_password": null,
            "repository_username": null,
            "reset_values": false,
            "reuse_values": false,
            "set": [],
            "set_list": [],
            "set_sensitive": [],
            "skip_crds": false,
            "status": "deployed",
            "timeout": 300,
            "values": null,
            "verify": false,
            "version": "18.1.0",
            "wait": true,
            "wait_for_jobs": false
          },
          "sensitive_attributes": [],
          "private": "eyJzY2hlbWFfdmVyc2lvbiI6IjEifQ==",
          "dependencies": [
            "module.helm.data.aws_eks_cluster.cluster",
            "module.kubernetes.module.eks.aws_cloudwatch_log_group.this",
            "module.kubernetes.module.eks.aws_eks_access_entry.this",
            "module.kubernetes.module.eks.aws_eks_access_policy_association.this",
            "module.kubernetes.module.eks.aws_eks_cluster.this",
            "module.kubernetes.module.eks.aws_iam_policy.cni_ipv6_policy",
            "module.kubernetes.module.eks.aws_iam_role.this",
            "module.kubernetes.module.eks.aws_iam_role_policy_attachment.this",
            "module.kubernetes.module.eks.aws_security_group.cluster",
            "module.kubernetes.module.eks.aws_security_group.node",
            "module.kubernetes.module.eks.aws_security_group_rule.cluster",
            "module.kubernetes.module.eks.aws_security_group_rule.node",
            "module.kubernetes.module.eks.data.aws_caller_identity.current",
            "module.kubernetes.module.eks.data.aws_iam_policy_document.assume_role_policy",
            "module.kubernetes.module.eks.data.aws_iam_policy_document.cni_ipv6_policy",
            "module.kubernetes.module.eks.data.aws_iam_session_context.current",
            "module.kubernetes.module.eks.data.aws_partition.current",
            "module.kubernetes.module.eks.module.kms.aws_kms_external_key.this",
            "module.kubernetes.module.eks.module.kms.aws_kms_key.this",
            "module.kubernetes.module.eks.module.kms.aws_kms_replica_external_key.this",
            "module.kubernetes.module.eks.module.kms.aws_kms_replica_key.this",
            "module.kubernetes.module.eks.module.kms.data.aws_caller_identity.current",
            "module.kubernetes.module.eks.module.kms.data.aws_iam_policy_document.this",
            "module.kubernetes.module.eks.module.kms.data.aws_partition.current",
            "module.kubernetes.random_id.server"
          ]
        }
      ]
    },
    {
      "module": "module.helm",
      "mode": "managed",
      "type": "helm_release",
      "name": "reducto",
      "provider": "module.helm.provider[\"registry.terraform.io/hashicorp/helm\"]",
      "instances": [
        {
          "schema_version": 1,
          "attributes": {
            "atomic": false,
            "chart": "modules/helm/../../../reducto-chart",
            "cleanup_on_fail": false,
            "create_namespace": false,
            "dependency_update": false,
            "description": null,
            "devel": null,
            "disable_crd_hooks": false,
            "disable_openapi_validation": false,
            "disable_webhooks": false,
            "force_update": false,
            "id": "reducto",
            "keyring": null,
            "lint": false,
            "manifest": null,
            "max_history": 0,
            "metadata": [
              {
                "app_version": "1.16.0",
                "chart": "reducto-chart",
                "name": "reducto",
                "namespace": "default",
                "revision": 1,
                "values": "{}",
                "version": "0.1.0"
              }
            ],
            "name": "reducto",
            "namespace": "default",
            "pass_credentials": false,
            "postrender": [],
            "recreate_pods": false,
            "render_subchart_notes": true,
            "replace": false,
            "repository": null,
            "repository_ca_file": null,
            "repository_cert_file": null,
            "repository_key_file": null,
            "repository_password": null,
            "repository_username": null,
            "reset_values": false,
            "reuse_values": false,
            "set": [],
            "set_list": [],
            "set_sensitive": [],
            "skip_crds": false,
            "status": "deployed",
            "timeout": 300,
            "values": null,
            "verify": false,
            "version": "0.1.0",
            "wait": true,
            "wait_for_jobs": false
          },
          "sensitive_attributes": [],
          "private": "eyJzY2hlbWFfdmVyc2lvbiI6IjEifQ==",
          "dependencies": [
            "module.helm.data.aws_eks_cluster.cluster",
            "module.kubernetes.module.eks.aws_cloudwatch_log_group.this",
            "module.kubernetes.module.eks.aws_eks_access_entry.this",
            "module.kubernetes.module.eks.aws_eks_access_policy_association.this",
            "module.kubernetes.module.eks.aws_eks_cluster.this",
            "module.kubernetes.module.eks.aws_iam_policy.cni_ipv6_policy",
            "module.kubernetes.module.eks.aws_iam_role.this",
            "module.kubernetes.module.eks.aws_iam_role_policy_attachment.this",
            "module.kubernetes.module.eks.aws_security_group.cluster",
            "module.kubernetes.module.eks.aws_security_group.node",
            "module.kubernetes.module.eks.aws_security_group_rule.cluster",
            "module.kubernetes.module.eks.aws_security_group_rule.node",
            "module.kubernetes.module.eks.data.aws_caller_identity.current",
            "module.kubernetes.module.eks.data.aws_iam_policy_document.assume_role_policy",
            "module.kubernetes.module.eks.data.aws_iam_policy_document.cni_ipv6_policy",
            "module.kubernetes.module.eks.data.aws_iam_session_context.current",
            "module.kubernetes.module.eks.data.aws_partition.current",
            "module.kubernetes.module.eks.module.kms.aws_kms_external_key.this",
            "module.kubernetes.module.eks.module.kms.aws_kms_key.this",
            "module.kubernetes.module.eks.module.kms.aws_kms_replica_external_key.this",
            "module.kubernetes.module.eks.module.kms.aws_kms_replica_key.this",
            "module.kubernetes.module.eks.module.kms.data.aws_caller_identity.current",
            "module.kubernetes.module.eks.module.kms.data.aws_iam_policy_document.this",
            "module.kubernetes.module.eks.module.kms.data.aws_partition.current",
            "module.kubernetes.random_id.server"
          ]
        }
      ]
    },
    {
      "module": "module.kubernetes",
      "mode": "managed",
      "type": "random_id",
      "name": "server",
      "provider": "provider[\"registry.terraform.io/hashicorp/random\"]",
      "instances": [
        {
          "schema_version": 0,
          "attributes": {
            "b64_std": "Qf1CHw==",
            "b64_url": "Qf1CHw",
            "byte_length": 4,
            "dec": "1107116575",
            "hex": "41fd421f",
            "id": "Qf1CHw",
            "keepers": null,
            "prefix": null
          },
          "sensitive_attributes": [],
          "create_before_destroy": true
        }
      ]
    },
    {
      "module": "module.kubernetes.module.eks",
      "mode": "data",
      "type": "aws_caller_identity",
      "name": "current",
      "provider": "provider[\"registry.terraform.io/hashicorp/aws\"]",
      "instances": [
        {
          "schema_version": 0,
          "attributes": {
            "account_id": "731106932034",
            "arn": "arn:aws:iam::731106932034:user/raunak",
            "id": "731106932034",
            "user_id": "AIDA2UOK6OVBALTMRAMTB"
          },
          "sensitive_attributes": []
        }
      ]
    },
    {
      "module": "module.kubernetes.module.eks",
      "mode": "data",
      "type": "aws_iam_policy_document",
      "name": "assume_role_policy",
      "provider": "provider[\"registry.terraform.io/hashicorp/aws\"]",
      "instances": [
        {
          "index_key": 0,
          "schema_version": 0,
          "attributes": {
            "id": "2764486067",
            "json": "{\n  \"Version\": \"2012-10-17\",\n  \"Statement\": [\n    {\n      \"Sid\": \"EKSClusterAssumeRole\",\n      \"Effect\": \"Allow\",\n      \"Action\": \"sts:AssumeRole\",\n      \"Principal\": {\n        \"Service\": \"eks.amazonaws.com\"\n      }\n    }\n  ]\n}",
            "minified_json": "{\"Version\":\"2012-10-17\",\"Statement\":[{\"Sid\":\"EKSClusterAssumeRole\",\"Effect\":\"Allow\",\"Action\":\"sts:AssumeRole\",\"Principal\":{\"Service\":\"eks.amazonaws.com\"}}]}",
            "override_json": null,
            "override_policy_documents": null,
            "policy_id": null,
            "source_json": null,
            "source_policy_documents": null,
            "statement": [
              {
                "actions": [
                  "sts:AssumeRole"
                ],
                "condition": [],
                "effect": "Allow",
                "not_actions": [],
                "not_principals": [],
                "not_resources": [],
                "principals": [
                  {
                    "identifiers": [
                      "eks.amazonaws.com"
                    ],
                    "type": "Service"
                  }
                ],
                "resources": [],
                "sid": "EKSClusterAssumeRole"
              }
            ],
            "version": "2012-10-17"
          },
          "sensitive_attributes": []
        }
      ]
    },
    {
      "module": "module.kubernetes.module.eks",
      "mode": "data",
      "type": "aws_iam_session_context",
      "name": "current",
      "provider": "provider[\"registry.terraform.io/hashicorp/aws\"]",
      "instances": [
        {
          "schema_version": 0,
          "attributes": {
            "arn": "arn:aws:iam::731106932034:user/raunak",
            "id": "arn:aws:iam::731106932034:user/raunak",
            "issuer_arn": "arn:aws:iam::731106932034:user/raunak",
            "issuer_id": "",
            "issuer_name": "",
            "session_name": ""
          },
          "sensitive_attributes": []
        }
      ]
    },
    {
      "module": "module.kubernetes.module.eks",
      "mode": "data",
      "type": "aws_partition",
      "name": "current",
      "provider": "provider[\"registry.terraform.io/hashicorp/aws\"]",
      "instances": [
        {
          "schema_version": 0,
          "attributes": {
            "dns_suffix": "amazonaws.com",
            "id": "aws",
            "partition": "aws",
            "reverse_dns_prefix": "com.amazonaws"
          },
          "sensitive_attributes": []
        }
      ]
    },
    {
      "module": "module.kubernetes.module.eks",
      "mode": "data",
      "type": "tls_certificate",
      "name": "this",
      "provider": "provider[\"registry.terraform.io/hashicorp/tls\"]",
      "instances": [
        {
          "index_key": 0,
          "schema_version": 0,
          "attributes": {
            "certificates": [
              {
                "cert_pem": "-----BEGIN CERTIFICATE-----\nMIIEdTCCA12gAwIBAgIJAKcOSkw0grd/MA0GCSqGSIb3DQEBCwUAMGgxCzAJBgNV\nBAYTAlVTMSUwIwYDVQQKExxTdGFyZmllbGQgVGVjaG5vbG9naWVzLCBJbmMuMTIw\nMAYDVQQLEylTdGFyZmllbGQgQ2xhc3MgMiBDZXJ0aWZpY2F0aW9uIEF1dGhvcml0\neTAeFw0wOTA5MDIwMDAwMDBaFw0zNDA2MjgxNzM5MTZaMIGYMQswCQYDVQQGEwJV\nUzEQMA4GA1UECBMHQXJpem9uYTETMBEGA1UEBxMKU2NvdHRzZGFsZTElMCMGA1UE\nChMcU3RhcmZpZWxkIFRlY2hub2xvZ2llcywgSW5jLjE7MDkGA1UEAxMyU3RhcmZp\nZWxkIFNlcnZpY2VzIFJvb3QgQ2VydGlmaWNhdGUgQXV0aG9yaXR5IC0gRzIwggEi\nMA0GCSqGSIb3DQEBAQUAA4IBDwAwggEKAoIBAQDVDDrEKvlO4vW+GZdfjohTsR8/\ny8+fIBNtKTrID30892t2OGPZNmCom15cAICyL1l/9of5JUOG52kbUpqQ4XHj2C0N\nTm/2yEnZtvMaVq4rtnQU68/7JuMauh2WLmo7WJSJR1b/JaCTcFOD2oR0FMNnngRo\nOt+OQFodSk7PQ5E751bWAHDLUu57fa4657wx+UX2wmDPE1kCK4DMNEffud6QZW0C\nzyyRpqbn3oUYSXxmTqM6bam17jQuug0DuDPfR+uxa40l2ZvOgdFFRjKWcIfeAg5J\nQ4W2bHO7ZOphQazJ1FTfhy/HIrImzJ9ZVGif/L4qL8RVHHVAYBeFAlU5i38FAgMB\nAAGjgfAwge0wDwYDVR0TAQH/BAUwAwEB/zAOBgNVHQ8BAf8EBAMCAYYwHQYDVR0O\nBBYEFJxfAN+qAdcwKziIorhtSpzyEZGDMB8GA1UdIwQYMBaAFL9ft9HO3R+G9FtV\nrNzXEMIOqYjnME8GCCsGAQUFBwEBBEMwQTAcBggrBgEFBQcwAYYQaHR0cDovL28u\nc3MyLnVzLzAhBggrBgEFBQcwAoYVaHR0cDovL3guc3MyLnVzL3guY2VyMCYGA1Ud\nHwQfMB0wG6AZoBeGFWh0dHA6Ly9zLnNzMi51cy9yLmNybDARBgNVHSAECjAIMAYG\nBFUdIAAwDQYJKoZIhvcNAQELBQADggEBACMd44pXyn3pF3lM8R5V/cxTbj5HD9/G\nVfKyBDbtgB9TxF00KGu+x1X8Z+rLP3+QsjPNG1gQggL4+C/1E2DUBc7xgQjB3ad1\nl08YuW3e95ORCLp+QCztweq7dp4zBncdDQh/U90bZKuCJ/Fp1U1ervShw3WnWEQt\n8jxwmKy6abaVd38PMV4s/KCHOkdp8Hlf9BRUpJVeEXgSYCfOn8J3/yNTd126/+pZ\n59vPr5KW7ySaNRB6nJHGDn2Z9j8Z3/VyVOEVqQdZe4O/Ui5GjLIAZHYcSNPYeehu\nVsyuLAOQ1xk4meTKCRlb/weWsKh/NEnfVqn3sF/tM+2MR7cwA130A4w=\n-----END CERTIFICATE-----\n",
                "is_ca": true,
                "issuer": "OU=Starfield Class 2 Certification Authority,O=Starfield Technologies\\, Inc.,C=US",
                "not_after": "2034-06-28T17:39:16Z",
                "not_before": "2009-09-02T00:00:00Z",
                "public_key_algorithm": "RSA",
                "serial_number": "12037640545166866303",
                "sha1_fingerprint": "9e99a48a9960b14926bb7f3b02e22da2b0ab7280",
                "signature_algorithm": "SHA256-RSA",
                "subject": "CN=Starfield Services Root Certificate Authority - G2,O=Starfield Technologies\\, Inc.,L=Scottsdale,ST=Arizona,C=US",
                "version": 3
              },
              {
                "cert_pem": "-----BEGIN CERTIFICATE-----\nMIIEkjCCA3qgAwIBAgITBn+USionzfP6wq4rAfkI7rnExjANBgkqhkiG9w0BAQsF\nADCBmDELMAkGA1UEBhMCVVMxEDAOBgNVBAgTB0FyaXpvbmExEzARBgNVBAcTClNj\nb3R0c2RhbGUxJTAjBgNVBAoTHFN0YXJmaWVsZCBUZWNobm9sb2dpZXMsIEluYy4x\nOzA5BgNVBAMTMlN0YXJmaWVsZCBTZXJ2aWNlcyBSb290IENlcnRpZmljYXRlIEF1\ndGhvcml0eSAtIEcyMB4XDTE1MDUyNTEyMDAwMFoXDTM3MTIzMTAxMDAwMFowOTEL\nMAkGA1UEBhMCVVMxDzANBgNVBAoTBkFtYXpvbjEZMBcGA1UEAxMQQW1hem9uIFJv\nb3QgQ0EgMTCCASIwDQYJKoZIhvcNAQEBBQADggEPADCCAQoCggEBALJ4gHHKeNXj\nca9HgFB0fW7Y14h29Jlo91ghYPl0hAEvrAIthtOgQ3pOsqTQNroBvo3bSMgHFzZM\n9O6II8c+6zf1tRn4SWiw3te5djgdYZ6k/oI2peVKVuRF4fn9tBb6dNqcmzU5L/qw\nIFAGbHrQgLKm+a/sRxmPUDgH3KKHOVj4utWp+UhnMJbulHheb4mjUcAwhmahRWa6\nVOujw5H5SNz/0egwLX0tdHA114gk957EWW67c4cX8jJGKLhD+rcdqsq08p8kDi1L\n93FcXmn/6pUCyziKrlA4b9v7LWIbxcceVOF34GfID5yHI9Y/QCB/IIDEgEw+OyQm\njgSubJrIqg0CAwEAAaOCATEwggEtMA8GA1UdEwEB/wQFMAMBAf8wDgYDVR0PAQH/\nBAQDAgGGMB0GA1UdDgQWBBSEGMyFNOy8DJSULghZnMeyEE4KCDAfBgNVHSMEGDAW\ngBScXwDfqgHXMCs4iKK4bUqc8hGRgzB4BggrBgEFBQcBAQRsMGowLgYIKwYBBQUH\nMAGGImh0dHA6Ly9vY3NwLnJvb3RnMi5hbWF6b250cnVzdC5jb20wOAYIKwYBBQUH\nMAKGLGh0dHA6Ly9jcnQucm9vdGcyLmFtYXpvbnRydXN0LmNvbS9yb290ZzIuY2Vy\nMD0GA1UdHwQ2MDQwMqAwoC6GLGh0dHA6Ly9jcmwucm9vdGcyLmFtYXpvbnRydXN0\nLmNvbS9yb290ZzIuY3JsMBEGA1UdIAQKMAgwBgYEVR0gADANBgkqhkiG9w0BAQsF\nAAOCAQEAYjdCXLwQtT6LLOkMm2xF4gcAevnFWAu5CIw+7bMlPLVvUOTNNWqnkzSW\nMiGpSESrnO09tKpzbeR/FoCJbM8oAxiDR3mjEH4wW6w7sGDgd9QIpuEdfF7Au/ma\neyKdpwAJfqxGF4PcnCZXmTA5YpaP7dreqsXMGz7KQ2hsVxa81Q4gLv7/wmpdLqBK\nbRRYh5TmOTFffHPLkIhqhBGWJ6bt2YFGpn6jcgAKUj6DiAdjd4lpFw85hdKrCEVN\n0FE6/V1dN2RMfjCyVSRCnTawXZwXgWHxyvkQAiSr6w10kY17RSlQOYiypok1JR4U\nakcjMS9cmvqtmg5iUaQqqcT5NJ0hGA==\n-----END CERTIFICATE-----\n",
                "is_ca": true,
                "issuer": "CN=Starfield Services Root Certificate Authority - G2,O=Starfield Technologies\\, Inc.,L=Scottsdale,ST=Arizona,C=US",
                "not_after": "2037-12-31T01:00:00Z",
                "not_before": "2015-05-25T12:00:00Z",
                "public_key_algorithm": "RSA",
                "serial_number": "144918191876577076464031512351042010504348870",
                "sha1_fingerprint": "06b25927c42a721631c1efd9431e648fa62e1e39",
                "signature_algorithm": "SHA256-RSA",
                "subject": "CN=Amazon Root CA 1,O=Amazon,C=US",
                "version": 3
              },
              {
                "cert_pem": "-----BEGIN CERTIFICATE-----\nMIIEXjCCA0agAwIBAgITB3MSSkvL1E7HtTvq8ZSELToPoTANBgkqhkiG9w0BAQsF\nADA5MQswCQYDVQQGEwJVUzEPMA0GA1UEChMGQW1hem9uMRkwFwYDVQQDExBBbWF6\nb24gUm9vdCBDQSAxMB4XDTIyMDgyMzIyMjUzMFoXDTMwMDgyMzIyMjUzMFowPDEL\nMAkGA1UEBhMCVVMxDzANBgNVBAoTBkFtYXpvbjEcMBoGA1UEAxMTQW1hem9uIFJT\nQSAyMDQ4IE0wMjCCASIwDQYJKoZIhvcNAQEBBQADggEPADCCAQoCggEBALtDGMZa\nqHneKei1by6+pUPPLljTB143Si6VpEWPc6mSkFhZb/6qrkZyoHlQLbDYnI2D7hD0\nsdzEqfnuAjIsuXQLG3A8TvX6V3oFNBFVe8NlLJHvBseKY88saLwufxkZVwk74g4n\nWlNMXzla9Y5F3wwRHwMVH443xGz6UtGSZSqQ94eFx5X7Tlqt8whi8qCaKdZ5rNak\n+r9nUThOeClqFd4oXych//Rc7Y0eX1KNWHYSI1Nk31mYgiK3JvH063g+K9tHA63Z\neTgKgndlh+WI+zv7i44HepRZjA1FYwYZ9Vv/9UkC5Yz8/yU65fgjaE+wVHM4e/Yy\nC2osrPWE7gJ+dXMCAwEAAaOCAVowggFWMBIGA1UdEwEB/wQIMAYBAf8CAQAwDgYD\nVR0PAQH/BAQDAgGGMB0GA1UdJQQWMBQGCCsGAQUFBwMBBggrBgEFBQcDAjAdBgNV\nHQ4EFgQUwDFSzVpQw4J8dHHOy+mc+XrrguIwHwYDVR0jBBgwFoAUhBjMhTTsvAyU\nlC4IWZzHshBOCggwewYIKwYBBQUHAQEEbzBtMC8GCCsGAQUFBzABhiNodHRwOi8v\nb2NzcC5yb290Y2ExLmFtYXpvbnRydXN0LmNvbTA6BggrBgEFBQcwAoYuaHR0cDov\nL2NydC5yb290Y2ExLmFtYXpvbnRydXN0LmNvbS9yb290Y2ExLmNlcjA/BgNVHR8E\nODA2MDSgMqAwhi5odHRwOi8vY3JsLnJvb3RjYTEuYW1hem9udHJ1c3QuY29tL3Jv\nb3RjYTEuY3JsMBMGA1UdIAQMMAowCAYGZ4EMAQIBMA0GCSqGSIb3DQEBCwUAA4IB\nAQAtTi6Fs0Azfi+iwm7jrz+CSxHH+uHl7Law3MQSXVtR8RV53PtR6r/6gNpqlzdo\nZq4FKbADi1v9Bun8RY8D51uedRfjsbeodizeBB8nXmeyD33Ep7VATj4ozcd31YFV\nfgRhvTSxNrrTlNpWkUk0m3BMPv8sg381HhA6uEYokE5q9uws/3YkKqRiEz3TsaWm\nJqIRZhMbgAfp7O7FUwFIb7UIspogZSKxPIWJpxiPo3TcBambbVtQOcNRWz5qCQdD\nslI2yayq0n2TXoHyNCLEH8rpsJRVILFsg0jc7BaFrMnF462+ajSehgj12IidNeRN\n4zl+EoNaWdpnWndvSpAEkq2P\n-----END CERTIFICATE-----\n",
                "is_ca": true,
                "issuer": "CN=Amazon Root CA 1,O=Amazon,C=US",
                "not_after": "2030-08-23T22:25:30Z",
                "not_before": "2022-08-23T22:25:30Z",
                "public_key_algorithm": "RSA",
                "serial_number": "166129353110899469622597955040406457904926625",
                "sha1_fingerprint": "414a2060b738c635cc7fc243e052615592830c53",
                "signature_algorithm": "SHA256-RSA",
                "subject": "CN=Amazon RSA 2048 M02,O=Amazon,C=US",
                "version": 3
              },
              {
                "cert_pem": "-----BEGIN CERTIFICATE-----\nMIIF5TCCBM2gAwIBAgIQDsWM2D5RSLl7IRD58Bp6DzANBgkqhkiG9w0BAQsFADA8\nMQswCQYDVQQGEwJVUzEPMA0GA1UEChMGQW1hem9uMRwwGgYDVQQDExNBbWF6b24g\nUlNBIDIwNDggTTAyMB4XDTI0MDQwMTAwMDAwMFoXDTI1MDQzMDIzNTk1OVowKDEm\nMCQGA1UEAwwdKi5la3MudXMtd2VzdC0yLmFtYXpvbmF3cy5jb20wggEiMA0GCSqG\nSIb3DQEBAQUAA4IBDwAwggEKAoIBAQDX5xeQmZmCHJG/Hd1k93EKIB8aJgqMBjV8\nhK/mr1q0NT//Sv1xJGaZELpdUh1rAYUSSGUs0rRC8+vugtpzOMJ6asPo4KFOxfBe\neq+QZddyw7yay4RaywlHlBuvqhZkMcTyie3Bw08EnKct7xPKcn11cFHf5Uef1Q+G\nLyWJealim9xLyaSZ3VdKswDVn4YrqWaCi89RgngtldUTpTBBOr52C6ZOcaAPZj7L\nMkui4/kC4dTtnCKJKmVKT1gnbKK/bcH3G63M2EOSjhR1JFMyTNBs0UNfDqVFnpIB\ngc6antQWJ1z5BpiejH0HJlDBfa4JJ9LSbSSl4oSnW1m5FWgOP6TrAgMBAAGjggL1\nMIIC8TAfBgNVHSMEGDAWgBTAMVLNWlDDgnx0cc7L6Zz5euuC4jAdBgNVHQ4EFgQU\niV25OQVdcpXV1bT71pUVtEYNuiAwKAYDVR0RBCEwH4IdKi5la3MudXMtd2VzdC0y\nLmFtYXpvbmF3cy5jb20wEwYDVR0gBAwwCjAIBgZngQwBAgEwDgYDVR0PAQH/BAQD\nAgWgMB0GA1UdJQQWMBQGCCsGAQUFBwMBBggrBgEFBQcDAjA7BgNVHR8ENDAyMDCg\nLqAshipodHRwOi8vY3JsLnIybTAyLmFtYXpvbnRydXN0LmNvbS9yMm0wMi5jcmww\ndQYIKwYBBQUHAQEEaTBnMC0GCCsGAQUFBzABhiFodHRwOi8vb2NzcC5yMm0wMi5h\nbWF6b250cnVzdC5jb20wNgYIKwYBBQUHMAKGKmh0dHA6Ly9jcnQucjJtMDIuYW1h\nem9udHJ1c3QuY29tL3IybTAyLmNlcjAMBgNVHRMBAf8EAjAAMIIBfQYKKwYBBAHW\neQIEAgSCAW0EggFpAWcAdgDPEVbu1S58r/OHW9lpLpvpGnFnSrAX7KwB0lt3zsw7\nCAAAAY6aMr/xAAAEAwBHMEUCIEkz4BRPTftldFZ3x7B3K5F91iqxjGZKYVBh7ChF\nWMa1AiEA5Tac6flLFvDsSI9OprjWela3qTk8/meb1i4aTt4vLYUAdgB9WR4S4Xgq\nexxhZ3xe/fjQh1wUoE6VnrkDL9kOjC55uAAAAY6aMr+zAAAEAwBHMEUCIHFcffDz\nLXWVRQA1pu63XR9odC62oKPm00qYSEcIK9QhAiEAze+8hnlqBtqAkdLRW9KmBL2Q\n2el9UwkvdmiqSsAySBUAdQDm0jFjQHeMwRBBBtdxuc7B0kD2loSG+7qHMh39HjeO\nUAAAAY6aMr/EAAAEAwBGMEQCIG2ekWjuvM0A2NoQe7pGojHoYAyYK8+bISkAyTdC\n6HPBAiBR67wkUrGGjfMaD8cy2nBhuThBMB8kOZLm5YOegGDGyzANBgkqhkiG9w0B\nAQsFAAOCAQEAeNiU5fLVKMSwpzjtYMfCydbBJhmcbzBC81zZLFMETCoDT2gnJrEm\n86kN44ZMOonuECEs3n++I2lMoslsdXRevU7EZ4Jo8imOVy0Is05ffbfnv294viuG\nB23hMe9JQMVBuQzDyoUvBUhcJIxk7hQoFGjckh2P7km4HmH/0vZV13Lhrat9kws4\n3PzywHbzV5SsyOCszZFAowzsUaakhlBXOj++OeCTViHTLixywNhrA2n+21yCTVAj\nXAfc6i0YQ/B17FKkYlH/L5ZNl0UdXaW79LobdZdIsCfqOweGjUxLB/pWz2rK4JPI\nqBir/DrLGniJB5oLDg9DfN3gmRp6oWwWTw==\n-----END CERTIFICATE-----\n",
                "is_ca": false,
                "issuer": "CN=Amazon RSA 2048 M02,O=Amazon,C=US",
                "not_after": "2025-04-30T23:59:59Z",
                "not_before": "2024-04-01T00:00:00Z",
                "public_key_algorithm": "RSA",
                "serial_number": "19634931092034134610649070322822314511",
                "sha1_fingerprint": "3934cf57a95810cf5b7a7ce04dbb323fdb9a41a7",
                "signature_algorithm": "SHA256-RSA",
                "subject": "CN=*.eks.us-west-2.amazonaws.com",
                "version": 3
              }
            ],
            "content": null,
            "id": "9ce40dc2a049cbf871181c1b9ce87cb4fcc34109",
            "url": "https://oidc.eks.us-west-2.amazonaws.com/id/22787C4C267AC43333B6EDE9A7F3C427",
            "verify_chain": true
          },
          "sensitive_attributes": []
        }
      ]
    },
    {
      "module": "module.kubernetes.module.eks",
      "mode": "managed",
      "type": "aws_cloudwatch_log_group",
      "name": "this",
      "provider": "provider[\"registry.terraform.io/hashicorp/aws\"]",
      "instances": [
        {
          "index_key": 0,
          "schema_version": 0,
          "attributes": {
            "arn": "arn:aws:logs:us-west-2:731106932034:log-group:/aws/eks/reducto-cluster-41fd421f/cluster",
            "id": "/aws/eks/reducto-cluster-41fd421f/cluster",
            "kms_key_id": "",
            "log_group_class": "STANDARD",
            "name": "/aws/eks/reducto-cluster-41fd421f/cluster",
            "name_prefix": "",
            "retention_in_days": 90,
            "skip_destroy": false,
            "tags": {
              "Name": "/aws/eks/reducto-cluster-41fd421f/cluster"
            },
            "tags_all": {
              "Name": "/aws/eks/reducto-cluster-41fd421f/cluster"
            }
          },
          "sensitive_attributes": [],
          "private": "bnVsbA==",
          "dependencies": [
            "module.kubernetes.random_id.server"
          ],
          "create_before_destroy": true
        }
      ]
    },
    {
      "module": "module.kubernetes.module.eks",
      "mode": "managed",
      "type": "aws_eks_access_entry",
      "name": "this",
      "provider": "provider[\"registry.terraform.io/hashicorp/aws\"]",
      "instances": [
        {
          "index_key": "cluster_creator",
          "schema_version": 0,
          "attributes": {
            "access_entry_arn": "arn:aws:eks:us-west-2:731106932034:access-entry/reducto-cluster-41fd421f/user/731106932034/raunak/06c8048c-c8c4-aa9c-16d9-c26e6885a2bd",
            "cluster_name": "reducto-cluster-41fd421f",
            "created_at": "2024-06-11T20:59:49Z",
            "id": "reducto-cluster-41fd421f:arn:aws:iam::731106932034:user/raunak",
            "kubernetes_groups": [],
            "modified_at": "2024-06-11T20:59:49Z",
            "principal_arn": "arn:aws:iam::731106932034:user/raunak",
            "tags": {},
            "tags_all": {},
            "timeouts": null,
            "type": "STANDARD",
            "user_name": "arn:aws:iam::731106932034:user/raunak"
          },
          "sensitive_attributes": [],
          "private": "eyJlMmJmYjczMC1lY2FhLTExZTYtOGY4OC0zNDM2M2JjN2M0YzAiOnsiY3JlYXRlIjo2MDAwMDAwMDAwMDAsImRlbGV0ZSI6NjAwMDAwMDAwMDAwfX0=",
          "dependencies": [
            "module.kubernetes.module.eks.aws_cloudwatch_log_group.this",
            "module.kubernetes.module.eks.aws_eks_cluster.this",
            "module.kubernetes.module.eks.aws_iam_policy.cni_ipv6_policy",
            "module.kubernetes.module.eks.aws_iam_role.this",
            "module.kubernetes.module.eks.aws_iam_role_policy_attachment.this",
            "module.kubernetes.module.eks.aws_security_group.cluster",
            "module.kubernetes.module.eks.aws_security_group.node",
            "module.kubernetes.module.eks.aws_security_group_rule.cluster",
            "module.kubernetes.module.eks.aws_security_group_rule.node",
            "module.kubernetes.module.eks.data.aws_caller_identity.current",
            "module.kubernetes.module.eks.data.aws_iam_policy_document.assume_role_policy",
            "module.kubernetes.module.eks.data.aws_iam_policy_document.cni_ipv6_policy",
            "module.kubernetes.module.eks.data.aws_iam_session_context.current",
            "module.kubernetes.module.eks.data.aws_partition.current",
            "module.kubernetes.module.eks.module.kms.aws_kms_external_key.this",
            "module.kubernetes.module.eks.module.kms.aws_kms_key.this",
            "module.kubernetes.module.eks.module.kms.aws_kms_replica_external_key.this",
            "module.kubernetes.module.eks.module.kms.aws_kms_replica_key.this",
            "module.kubernetes.module.eks.module.kms.data.aws_caller_identity.current",
            "module.kubernetes.module.eks.module.kms.data.aws_iam_policy_document.this",
            "module.kubernetes.module.eks.module.kms.data.aws_partition.current",
            "module.kubernetes.random_id.server"
          ]
        }
      ]
    },
    {
      "module": "module.kubernetes.module.eks",
      "mode": "managed",
      "type": "aws_eks_access_policy_association",
      "name": "this",
      "provider": "provider[\"registry.terraform.io/hashicorp/aws\"]",
      "instances": [
        {
          "index_key": "cluster_creator_admin",
          "schema_version": 0,
          "attributes": {
            "access_scope": [
              {
                "namespaces": [],
                "type": "cluster"
              }
            ],
            "associated_at": "2024-06-11 20:59:49.898 +0000 UTC",
            "cluster_name": "reducto-cluster-41fd421f",
            "id": "reducto-cluster-41fd421f#arn:aws:iam::731106932034:user/raunak#arn:aws:eks::aws:cluster-access-policy/AmazonEKSClusterAdminPolicy",
            "modified_at": "2024-06-11 20:59:49.898 +0000 UTC",
            "policy_arn": "arn:aws:eks::aws:cluster-access-policy/AmazonEKSClusterAdminPolicy",
            "principal_arn": "arn:aws:iam::731106932034:user/raunak",
            "timeouts": null
          },
          "sensitive_attributes": [],
          "private": "eyJlMmJmYjczMC1lY2FhLTExZTYtOGY4OC0zNDM2M2JjN2M0YzAiOnsiY3JlYXRlIjo2MDAwMDAwMDAwMDAsImRlbGV0ZSI6NjAwMDAwMDAwMDAwfX0=",
          "dependencies": [
            "module.kubernetes.module.eks.aws_cloudwatch_log_group.this",
            "module.kubernetes.module.eks.aws_eks_access_entry.this",
            "module.kubernetes.module.eks.aws_eks_cluster.this",
            "module.kubernetes.module.eks.aws_iam_policy.cni_ipv6_policy",
            "module.kubernetes.module.eks.aws_iam_role.this",
            "module.kubernetes.module.eks.aws_iam_role_policy_attachment.this",
            "module.kubernetes.module.eks.aws_security_group.cluster",
            "module.kubernetes.module.eks.aws_security_group.node",
            "module.kubernetes.module.eks.aws_security_group_rule.cluster",
            "module.kubernetes.module.eks.aws_security_group_rule.node",
            "module.kubernetes.module.eks.data.aws_caller_identity.current",
            "module.kubernetes.module.eks.data.aws_iam_policy_document.assume_role_policy",
            "module.kubernetes.module.eks.data.aws_iam_policy_document.cni_ipv6_policy",
            "module.kubernetes.module.eks.data.aws_iam_session_context.current",
            "module.kubernetes.module.eks.data.aws_partition.current",
            "module.kubernetes.module.eks.module.kms.aws_kms_external_key.this",
            "module.kubernetes.module.eks.module.kms.aws_kms_key.this",
            "module.kubernetes.module.eks.module.kms.aws_kms_replica_external_key.this",
            "module.kubernetes.module.eks.module.kms.aws_kms_replica_key.this",
            "module.kubernetes.module.eks.module.kms.data.aws_caller_identity.current",
            "module.kubernetes.module.eks.module.kms.data.aws_iam_policy_document.this",
            "module.kubernetes.module.eks.module.kms.data.aws_partition.current",
            "module.kubernetes.random_id.server"
          ]
        }
      ]
    },
    {
      "module": "module.kubernetes.module.eks",
      "mode": "managed",
      "type": "aws_eks_cluster",
      "name": "this",
      "provider": "provider[\"registry.terraform.io/hashicorp/aws\"]",
      "instances": [
        {
          "index_key": 0,
          "schema_version": 0,
          "attributes": {
            "access_config": [
              {
                "authentication_mode": "API_AND_CONFIG_MAP",
                "bootstrap_cluster_creator_admin_permissions": false
              }
            ],
            "arn": "arn:aws:eks:us-west-2:731106932034:cluster/reducto-cluster-41fd421f",
            "certificate_authority": [
              {
                "data": "LS0tLS1CRUdJTiBDRVJUSUZJQ0FURS0tLS0tCk1JSURCVENDQWUyZ0F3SUJBZ0lJWG93RkdkR0dwU2t3RFFZSktvWklodmNOQVFFTEJRQXdGVEVUTUJFR0ExVUUKQXhNS2EzVmlaWEp1WlhSbGN6QWVGdzB5TkRBMk1URXlNRFE1TlRCYUZ3MHpOREEyTURreU1EVTBOVEJhTUJVeApFekFSQmdOVkJBTVRDbXQxWW1WeWJtVjBaWE13Z2dFaU1BMEdDU3FHU0liM0RRRUJBUVVBQTRJQkR3QXdnZ0VLCkFvSUJBUUR1cHluSGFDbWtqODkwdUxFSGhISTNsbFRvRkpzVjkxS0Zlbk5ybXUvNkZoazNadDBMbTBINlE3b2EKT3VrMmdWa2tFVG01TUEzdWNsNzduRk1KL0sxWThQbTJNUzVIQVNvUmk4cmdBSzg3TGtJMDgwR09lWjlFWUQ3MApFVHBtb3JLekFmSXNUcDl1UUpPdVpSQ2lwR0FJZlRMeUVWOHMrekcvdjVmMUowMGNlOVNLTWNRTXRYZXJYeFlzCnR0MG5UMXZreXA1UTRwMDd0dDBabWo2Y080OUlTR3hZakVlazBvMjhXdm5lN2R5b2RFb0lLMlcyaHFsc0pnb2sKZGloQy9ncHlKb2daQTRVbGZ0K0szOS8vZXN2dnpWQTJGOVlsYVdLdUJvRmxFeTllbmdSS0hxZEsrMGdPN3lMSwpacWc3ZXpIbzVVOC9uNlI5RkFQamx4R3RwdldwQWdNQkFBR2pXVEJYTUE0R0ExVWREd0VCL3dRRUF3SUNwREFQCkJnTlZIUk1CQWY4RUJUQURBUUgvTUIwR0ExVWREZ1FXQkJRbEVzc0hsNXlUdU41NTllT2ZtY0tqQ0dRQTRqQVYKQmdOVkhSRUVEakFNZ2dwcmRXSmxjbTVsZEdWek1BMEdDU3FHU0liM0RRRUJDd1VBQTRJQkFRQlFCeTc1QlZBcQpVUEd3NjFPbldLenpFMDJwcFdoeU5ZUnlwTFZyWnZhWVFnTXM5WkJRamh1TFlxUUx5eXZvQ3dDZXNxOXljNUNpCm1adzczRGhrMlVNY3lVQ2ZZalRCZjhiWlBVZlBlY1NFeCtjVjNpWU9Eb1d3Slg3eEVCcEdkRGVacmxoMEJybVMKOFdkUlFscENkTElaSzJKN1Q2aGpTTFJuemJJMmtaZE5hczZuOURwbWl4YldqUU9ma25xakcxcFlUSHJzaXFsawpDWnpHcHVmS2cyMGc2L2xsSzdZY29YOVlFNUhmWk4wVVN3Y2RyYmRKZjVyL2t5cjQzRklBbTY1azVKRURXaGc3ClFEbnJZWVNYdWVLcmdSSTNqcVIxejFxUUFoYjRNaXVXMC9YbTBKTXluRUdqOG5Tdm1tRVV5dE5FSFQyczlVNjQKeGVyTW1kQm9KVmhUCi0tLS0tRU5EIENFUlRJRklDQVRFLS0tLS0K"
              }
            ],
            "cluster_id": null,
            "created_at": "2024-06-11 20:49:48.004 +0000 UTC",
            "enabled_cluster_log_types": [
              "api",
              "audit",
              "authenticator"
            ],
            "encryption_config": [
              {
                "provider": [
                  {
                    "key_arn": "arn:aws:kms:us-west-2:731106932034:key/b4c5a532-8fe8-4103-92d7-e6ddfda3b7a6"
                  }
                ],
                "resources": [
                  "secrets"
                ]
              }
            ],
            "endpoint": "https://22787C4C267AC43333B6EDE9A7F3C427.sk1.us-west-2.eks.amazonaws.com",
            "id": "reducto-cluster-41fd421f",
            "identity": [
              {
                "oidc": [
                  {
                    "issuer": "https://oidc.eks.us-west-2.amazonaws.com/id/22787C4C267AC43333B6EDE9A7F3C427"
                  }
                ]
              }
            ],
            "kubernetes_network_config": [
              {
                "ip_family": "ipv4",
                "service_ipv4_cidr": "10.100.0.0/16",
                "service_ipv6_cidr": ""
              }
            ],
            "name": "reducto-cluster-41fd421f",
            "outpost_config": [],
            "platform_version": "eks.7",
            "role_arn": "arn:aws:iam::731106932034:role/reducto-cluster-41fd421f-cluster-20240611204924233100000004",
            "status": "ACTIVE",
            "tags": {
              "terraform-aws-modules": "eks"
            },
            "tags_all": {
              "terraform-aws-modules": "eks"
            },
            "timeouts": {
              "create": null,
              "delete": null,
              "update": null
            },
            "version": "1.29",
            "vpc_config": [
              {
                "cluster_security_group_id": "sg-095ec1f3a5381e8bc",
                "endpoint_private_access": true,
                "endpoint_public_access": true,
                "public_access_cidrs": [
                  "0.0.0.0/0"
                ],
                "security_group_ids": [
                  "sg-03f6e1140d2338647"
                ],
                "subnet_ids": [
                  "subnet-00a5188f9889e32d6",
                  "subnet-03c68312710fc39b4",
                  "subnet-0782f8a7b340eec4b"
                ],
                "vpc_id": "vpc-0815f0dabd68edf17"
              }
            ]
          },
          "sensitive_attributes": [],
          "private": "eyJlMmJmYjczMC1lY2FhLTExZTYtOGY4OC0zNDM2M2JjN2M0YzAiOnsiY3JlYXRlIjoxODAwMDAwMDAwMDAwLCJkZWxldGUiOjkwMDAwMDAwMDAwMCwidXBkYXRlIjozNjAwMDAwMDAwMDAwfX0=",
          "dependencies": [
            "module.kubernetes.module.eks.aws_cloudwatch_log_group.this",
            "module.kubernetes.module.eks.aws_iam_policy.cni_ipv6_policy",
            "module.kubernetes.module.eks.aws_iam_role.this",
            "module.kubernetes.module.eks.aws_iam_role_policy_attachment.this",
            "module.kubernetes.module.eks.aws_security_group.cluster",
            "module.kubernetes.module.eks.aws_security_group.node",
            "module.kubernetes.module.eks.aws_security_group_rule.cluster",
            "module.kubernetes.module.eks.aws_security_group_rule.node",
            "module.kubernetes.module.eks.data.aws_caller_identity.current",
            "module.kubernetes.module.eks.data.aws_iam_policy_document.assume_role_policy",
            "module.kubernetes.module.eks.data.aws_iam_policy_document.cni_ipv6_policy",
            "module.kubernetes.module.eks.data.aws_iam_session_context.current",
            "module.kubernetes.module.eks.data.aws_partition.current",
            "module.kubernetes.module.eks.module.kms.aws_kms_external_key.this",
            "module.kubernetes.module.eks.module.kms.aws_kms_key.this",
            "module.kubernetes.module.eks.module.kms.aws_kms_replica_external_key.this",
            "module.kubernetes.module.eks.module.kms.aws_kms_replica_key.this",
            "module.kubernetes.module.eks.module.kms.data.aws_caller_identity.current",
            "module.kubernetes.module.eks.module.kms.data.aws_iam_policy_document.this",
            "module.kubernetes.module.eks.module.kms.data.aws_partition.current",
            "module.kubernetes.random_id.server"
          ],
          "create_before_destroy": true
        }
      ]
    },
    {
      "module": "module.kubernetes.module.eks",
      "mode": "managed",
      "type": "aws_iam_openid_connect_provider",
      "name": "oidc_provider",
      "provider": "provider[\"registry.terraform.io/hashicorp/aws\"]",
      "instances": [
        {
          "index_key": 0,
          "schema_version": 0,
          "attributes": {
            "arn": "arn:aws:iam::731106932034:oidc-provider/oidc.eks.us-west-2.amazonaws.com/id/22787C4C267AC43333B6EDE9A7F3C427",
            "client_id_list": [
              "sts.amazonaws.com"
            ],
            "id": "arn:aws:iam::731106932034:oidc-provider/oidc.eks.us-west-2.amazonaws.com/id/22787C4C267AC43333B6EDE9A7F3C427",
            "tags": {
              "Name": "reducto-cluster-41fd421f-eks-irsa"
            },
            "tags_all": {
              "Name": "reducto-cluster-41fd421f-eks-irsa"
            },
            "thumbprint_list": [
              "9e99a48a9960b14926bb7f3b02e22da2b0ab7280"
            ],
            "url": "oidc.eks.us-west-2.amazonaws.com/id/22787C4C267AC43333B6EDE9A7F3C427"
          },
          "sensitive_attributes": [],
          "private": "bnVsbA==",
          "dependencies": [
            "module.kubernetes.module.eks.aws_cloudwatch_log_group.this",
            "module.kubernetes.module.eks.aws_eks_cluster.this",
            "module.kubernetes.module.eks.aws_iam_policy.cni_ipv6_policy",
            "module.kubernetes.module.eks.aws_iam_role.this",
            "module.kubernetes.module.eks.aws_iam_role_policy_attachment.this",
            "module.kubernetes.module.eks.aws_security_group.cluster",
            "module.kubernetes.module.eks.aws_security_group.node",
            "module.kubernetes.module.eks.aws_security_group_rule.cluster",
            "module.kubernetes.module.eks.aws_security_group_rule.node",
            "module.kubernetes.module.eks.data.aws_caller_identity.current",
            "module.kubernetes.module.eks.data.aws_iam_policy_document.assume_role_policy",
            "module.kubernetes.module.eks.data.aws_iam_policy_document.cni_ipv6_policy",
            "module.kubernetes.module.eks.data.aws_iam_session_context.current",
            "module.kubernetes.module.eks.data.aws_partition.current",
            "module.kubernetes.module.eks.data.tls_certificate.this",
            "module.kubernetes.module.eks.module.kms.aws_kms_external_key.this",
            "module.kubernetes.module.eks.module.kms.aws_kms_key.this",
            "module.kubernetes.module.eks.module.kms.aws_kms_replica_external_key.this",
            "module.kubernetes.module.eks.module.kms.aws_kms_replica_key.this",
            "module.kubernetes.module.eks.module.kms.data.aws_caller_identity.current",
            "module.kubernetes.module.eks.module.kms.data.aws_iam_policy_document.this",
            "module.kubernetes.module.eks.module.kms.data.aws_partition.current",
            "module.kubernetes.random_id.server"
          ]
        }
      ]
    },
    {
      "module": "module.kubernetes.module.eks",
      "mode": "managed",
      "type": "aws_iam_policy",
      "name": "cluster_encryption",
      "provider": "provider[\"registry.terraform.io/hashicorp/aws\"]",
      "instances": [
        {
          "index_key": 0,
          "schema_version": 0,
          "attributes": {
            "arn": "arn:aws:iam::731106932034:policy/reducto-cluster-41fd421f-cluster-ClusterEncryption2024061120494613670000000a",
            "attachment_count": 1,
            "description": "Cluster encryption policy to allow cluster role to utilize CMK provided",
            "id": "arn:aws:iam::731106932034:policy/reducto-cluster-41fd421f-cluster-ClusterEncryption2024061120494613670000000a",
            "name": "reducto-cluster-41fd421f-cluster-ClusterEncryption2024061120494613670000000a",
            "name_prefix": "reducto-cluster-41fd421f-cluster-ClusterEncryption",
            "path": "/",
            "policy": "{\"Statement\":[{\"Action\":[\"kms:Encrypt\",\"kms:Decrypt\",\"kms:ListGrants\",\"kms:DescribeKey\"],\"Effect\":\"Allow\",\"Resource\":\"arn:aws:kms:us-west-2:731106932034:key/b4c5a532-8fe8-4103-92d7-e6ddfda3b7a6\"}],\"Version\":\"2012-10-17\"}",
            "policy_id": "ANPA2UOK6OVBMB5BWHM6Q",
            "tags": {},
            "tags_all": {}
          },
          "sensitive_attributes": [],
          "private": "bnVsbA==",
          "dependencies": [
            "module.kubernetes.module.eks.aws_iam_role.this",
            "module.kubernetes.module.eks.data.aws_caller_identity.current",
            "module.kubernetes.module.eks.data.aws_iam_policy_document.assume_role_policy",
            "module.kubernetes.module.eks.data.aws_iam_session_context.current",
            "module.kubernetes.module.eks.module.kms.aws_kms_external_key.this",
            "module.kubernetes.module.eks.module.kms.aws_kms_key.this",
            "module.kubernetes.module.eks.module.kms.aws_kms_replica_external_key.this",
            "module.kubernetes.module.eks.module.kms.aws_kms_replica_key.this",
            "module.kubernetes.module.eks.module.kms.data.aws_caller_identity.current",
            "module.kubernetes.module.eks.module.kms.data.aws_iam_policy_document.this",
            "module.kubernetes.module.eks.module.kms.data.aws_partition.current",
            "module.kubernetes.random_id.server"
          ]
        }
      ]
    },
    {
      "module": "module.kubernetes.module.eks",
      "mode": "managed",
      "type": "aws_iam_role",
      "name": "this",
      "provider": "provider[\"registry.terraform.io/hashicorp/aws\"]",
      "instances": [
        {
          "index_key": 0,
          "schema_version": 0,
          "attributes": {
            "arn": "arn:aws:iam::731106932034:role/reducto-cluster-41fd421f-cluster-20240611204924233100000004",
            "assume_role_policy": "{\"Statement\":[{\"Action\":\"sts:AssumeRole\",\"Effect\":\"Allow\",\"Principal\":{\"Service\":\"eks.amazonaws.com\"},\"Sid\":\"EKSClusterAssumeRole\"}],\"Version\":\"2012-10-17\"}",
            "create_date": "2024-06-11T20:49:24Z",
            "description": "",
            "force_detach_policies": true,
            "id": "reducto-cluster-41fd421f-cluster-20240611204924233100000004",
            "inline_policy": [
              {
                "name": "reducto-cluster-41fd421f-cluster",
                "policy": "{\"Version\":\"2012-10-17\",\"Statement\":[{\"Action\":[\"logs:CreateLogGroup\"],\"Effect\":\"Deny\",\"Resource\":\"*\"}]}"
              }
            ],
            "managed_policy_arns": [
              "arn:aws:iam::731106932034:policy/reducto-cluster-41fd421f-cluster-ClusterEncryption2024061120494613670000000a",
              "arn:aws:iam::aws:policy/AmazonEKSClusterPolicy",
              "arn:aws:iam::aws:policy/AmazonEKSVPCResourceController"
            ],
            "max_session_duration": 3600,
            "name": "reducto-cluster-41fd421f-cluster-20240611204924233100000004",
            "name_prefix": "reducto-cluster-41fd421f-cluster-",
            "path": "/",
            "permissions_boundary": "",
            "tags": {},
            "tags_all": {},
            "unique_id": "AROA2UOK6OVBBKHQVKB4A"
          },
          "sensitive_attributes": [],
          "private": "bnVsbA==",
          "dependencies": [
            "module.kubernetes.module.eks.data.aws_iam_policy_document.assume_role_policy",
            "module.kubernetes.random_id.server"
          ],
          "create_before_destroy": true
        }
      ]
    },
    {
      "module": "module.kubernetes.module.eks",
      "mode": "managed",
      "type": "aws_iam_role_policy_attachment",
      "name": "cluster_encryption",
      "provider": "provider[\"registry.terraform.io/hashicorp/aws\"]",
      "instances": [
        {
          "index_key": 0,
          "schema_version": 0,
          "attributes": {
            "id": "reducto-cluster-41fd421f-cluster-20240611204924233100000004-2024061120494667890000000b",
            "policy_arn": "arn:aws:iam::731106932034:policy/reducto-cluster-41fd421f-cluster-ClusterEncryption2024061120494613670000000a",
            "role": "reducto-cluster-41fd421f-cluster-20240611204924233100000004"
          },
          "sensitive_attributes": [],
          "private": "bnVsbA==",
          "dependencies": [
            "module.kubernetes.module.eks.aws_iam_policy.cluster_encryption",
            "module.kubernetes.module.eks.aws_iam_role.this",
            "module.kubernetes.module.eks.data.aws_caller_identity.current",
            "module.kubernetes.module.eks.data.aws_iam_policy_document.assume_role_policy",
            "module.kubernetes.module.eks.data.aws_iam_session_context.current",
            "module.kubernetes.module.eks.module.kms.aws_kms_external_key.this",
            "module.kubernetes.module.eks.module.kms.aws_kms_key.this",
            "module.kubernetes.module.eks.module.kms.aws_kms_replica_external_key.this",
            "module.kubernetes.module.eks.module.kms.aws_kms_replica_key.this",
            "module.kubernetes.module.eks.module.kms.data.aws_caller_identity.current",
            "module.kubernetes.module.eks.module.kms.data.aws_iam_policy_document.this",
            "module.kubernetes.module.eks.module.kms.data.aws_partition.current",
            "module.kubernetes.random_id.server"
          ]
        }
      ]
    },
    {
      "module": "module.kubernetes.module.eks",
      "mode": "managed",
      "type": "aws_iam_role_policy_attachment",
      "name": "this",
      "provider": "provider[\"registry.terraform.io/hashicorp/aws\"]",
      "instances": [
        {
          "index_key": "AmazonEKSClusterPolicy",
          "schema_version": 0,
          "attributes": {
            "id": "reducto-cluster-41fd421f-cluster-20240611204924233100000004-20240611204925463700000008",
            "policy_arn": "arn:aws:iam::aws:policy/AmazonEKSClusterPolicy",
            "role": "reducto-cluster-41fd421f-cluster-20240611204924233100000004"
          },
          "sensitive_attributes": [],
          "private": "bnVsbA==",
          "dependencies": [
            "module.kubernetes.module.eks.aws_iam_role.this",
            "module.kubernetes.module.eks.data.aws_iam_policy_document.assume_role_policy",
            "module.kubernetes.module.eks.data.aws_partition.current",
            "module.kubernetes.random_id.server"
          ],
          "create_before_destroy": true
        },
        {
          "index_key": "AmazonEKSVPCResourceController",
          "schema_version": 0,
          "attributes": {
            "id": "reducto-cluster-41fd421f-cluster-20240611204924233100000004-20240611204925476000000009",
            "policy_arn": "arn:aws:iam::aws:policy/AmazonEKSVPCResourceController",
            "role": "reducto-cluster-41fd421f-cluster-20240611204924233100000004"
          },
          "sensitive_attributes": [],
          "private": "bnVsbA==",
          "dependencies": [
            "module.kubernetes.module.eks.aws_iam_role.this",
            "module.kubernetes.module.eks.data.aws_iam_policy_document.assume_role_policy",
            "module.kubernetes.module.eks.data.aws_partition.current",
            "module.kubernetes.random_id.server"
          ],
          "create_before_destroy": true
        }
      ]
    },
    {
      "module": "module.kubernetes.module.eks",
      "mode": "managed",
      "type": "aws_security_group",
      "name": "cluster",
      "provider": "provider[\"registry.terraform.io/hashicorp/aws\"]",
      "instances": [
        {
          "index_key": 0,
          "schema_version": 1,
          "attributes": {
            "arn": "arn:aws:ec2:us-west-2:731106932034:security-group/sg-03f6e1140d2338647",
            "description": "EKS cluster security group",
            "egress": [],
            "id": "sg-03f6e1140d2338647",
            "ingress": [
              {
                "cidr_blocks": [],
                "description": "Node groups to cluster API",
                "from_port": 443,
                "ipv6_cidr_blocks": [],
                "prefix_list_ids": [],
                "protocol": "tcp",
                "security_groups": [
                  "sg-0f1aef48ea43bcf4e"
                ],
                "self": false,
                "to_port": 443
              }
            ],
            "name": "reducto-cluster-41fd421f-cluster-20240611204924226000000003",
            "name_prefix": "reducto-cluster-41fd421f-cluster-",
            "owner_id": "731106932034",
            "revoke_rules_on_delete": false,
            "tags": {
              "Name": "reducto-cluster-41fd421f-cluster"
            },
            "tags_all": {
              "Name": "reducto-cluster-41fd421f-cluster"
            },
            "timeouts": null,
            "vpc_id": "vpc-0815f0dabd68edf17"
          },
          "sensitive_attributes": [],
          "private": "eyJlMmJmYjczMC1lY2FhLTExZTYtOGY4OC0zNDM2M2JjN2M0YzAiOnsiY3JlYXRlIjo2MDAwMDAwMDAwMDAsImRlbGV0ZSI6OTAwMDAwMDAwMDAwfSwic2NoZW1hX3ZlcnNpb24iOiIxIn0=",
          "dependencies": [
            "module.kubernetes.random_id.server"
          ],
          "create_before_destroy": true
        }
      ]
    },
    {
      "module": "module.kubernetes.module.eks",
      "mode": "managed",
      "type": "aws_security_group",
      "name": "node",
      "provider": "provider[\"registry.terraform.io/hashicorp/aws\"]",
      "instances": [
        {
          "index_key": 0,
          "schema_version": 1,
          "attributes": {
            "arn": "arn:aws:ec2:us-west-2:731106932034:security-group/sg-0f1aef48ea43bcf4e",
            "description": "EKS node shared security group",
            "egress": [
              {
                "cidr_blocks": [
                  "0.0.0.0/0"
                ],
                "description": "Allow all egress",
                "from_port": 0,
                "ipv6_cidr_blocks": [],
                "prefix_list_ids": [],
                "protocol": "-1",
                "security_groups": [],
                "self": false,
                "to_port": 0
              }
            ],
            "id": "sg-0f1aef48ea43bcf4e",
            "ingress": [
              {
                "cidr_blocks": [],
                "description": "",
                "from_port": 0,
                "ipv6_cidr_blocks": [],
                "prefix_list_ids": [],
                "protocol": "-1",
                "security_groups": [
                  "sg-075a9ac9986b2a132"
                ],
                "self": false,
                "to_port": 0
              },
              {
                "cidr_blocks": [],
                "description": "",
                "from_port": 0,
                "ipv6_cidr_blocks": [],
                "prefix_list_ids": [],
                "protocol": "-1",
                "security_groups": [
                  "sg-0779654d0658dcde8"
                ],
                "self": false,
                "to_port": 0
              },
              {
                "cidr_blocks": [],
                "description": "",
                "from_port": 0,
                "ipv6_cidr_blocks": [],
                "prefix_list_ids": [],
                "protocol": "-1",
                "security_groups": [
                  "sg-0c818bd20cd4fbeea"
                ],
                "self": false,
                "to_port": 0
              },
              {
                "cidr_blocks": [],
                "description": "Cluster API to node 4443/tcp webhook",
                "from_port": 4443,
                "ipv6_cidr_blocks": [],
                "prefix_list_ids": [],
                "protocol": "tcp",
                "security_groups": [
                  "sg-03f6e1140d2338647"
                ],
                "self": false,
                "to_port": 4443
              },
              {
                "cidr_blocks": [],
                "description": "Cluster API to node 6443/tcp webhook",
                "from_port": 6443,
                "ipv6_cidr_blocks": [],
                "prefix_list_ids": [],
                "protocol": "tcp",
                "security_groups": [
                  "sg-03f6e1140d2338647"
                ],
                "self": false,
                "to_port": 6443
              },
              {
                "cidr_blocks": [],
                "description": "Cluster API to node 8443/tcp webhook",
                "from_port": 8443,
                "ipv6_cidr_blocks": [],
                "prefix_list_ids": [],
                "protocol": "tcp",
                "security_groups": [
                  "sg-03f6e1140d2338647"
                ],
                "self": false,
                "to_port": 8443
              },
              {
                "cidr_blocks": [],
                "description": "Cluster API to node 9443/tcp webhook",
                "from_port": 9443,
                "ipv6_cidr_blocks": [],
                "prefix_list_ids": [],
                "protocol": "tcp",
                "security_groups": [
                  "sg-03f6e1140d2338647"
                ],
                "self": false,
                "to_port": 9443
              },
              {
                "cidr_blocks": [],
                "description": "Cluster API to node groups",
                "from_port": 443,
                "ipv6_cidr_blocks": [],
                "prefix_list_ids": [],
                "protocol": "tcp",
                "security_groups": [
                  "sg-03f6e1140d2338647"
                ],
                "self": false,
                "to_port": 443
              },
              {
                "cidr_blocks": [],
                "description": "Cluster API to node kubelets",
                "from_port": 10250,
                "ipv6_cidr_blocks": [],
                "prefix_list_ids": [],
                "protocol": "tcp",
                "security_groups": [
                  "sg-03f6e1140d2338647"
                ],
                "self": false,
                "to_port": 10250
              },
              {
                "cidr_blocks": [],
                "description": "Node to node CoreDNS UDP",
                "from_port": 53,
                "ipv6_cidr_blocks": [],
                "prefix_list_ids": [],
                "protocol": "udp",
                "security_groups": [],
                "self": true,
                "to_port": 53
              },
              {
                "cidr_blocks": [],
                "description": "Node to node CoreDNS",
                "from_port": 53,
                "ipv6_cidr_blocks": [],
                "prefix_list_ids": [],
                "protocol": "tcp",
                "security_groups": [],
                "self": true,
                "to_port": 53
              },
              {
                "cidr_blocks": [],
                "description": "Node to node ingress on ephemeral ports",
                "from_port": 1025,
                "ipv6_cidr_blocks": [],
                "prefix_list_ids": [],
                "protocol": "tcp",
                "security_groups": [],
                "self": true,
                "to_port": 65535
              }
            ],
            "name": "reducto-cluster-41fd421f-node-20240611204924226300000002",
            "name_prefix": "reducto-cluster-41fd421f-node-",
            "owner_id": "731106932034",
            "revoke_rules_on_delete": false,
            "tags": {
              "Name": "reducto-cluster-41fd421f-node",
              "kubernetes.io/cluster/reducto-cluster-41fd421f": "owned"
            },
            "tags_all": {
              "Name": "reducto-cluster-41fd421f-node",
              "kubernetes.io/cluster/reducto-cluster-41fd421f": "owned"
            },
            "timeouts": null,
            "vpc_id": "vpc-0815f0dabd68edf17"
          },
          "sensitive_attributes": [],
          "private": "eyJlMmJmYjczMC1lY2FhLTExZTYtOGY4OC0zNDM2M2JjN2M0YzAiOnsiY3JlYXRlIjo2MDAwMDAwMDAwMDAsImRlbGV0ZSI6OTAwMDAwMDAwMDAwfSwic2NoZW1hX3ZlcnNpb24iOiIxIn0=",
          "dependencies": [
            "module.kubernetes.random_id.server"
          ],
          "create_before_destroy": true
        }
      ]
    },
    {
      "module": "module.kubernetes.module.eks",
      "mode": "managed",
      "type": "aws_security_group_rule",
      "name": "cluster",
      "provider": "provider[\"registry.terraform.io/hashicorp/aws\"]",
      "instances": [
        {
          "index_key": "ingress_nodes_443",
          "schema_version": 2,
          "attributes": {
            "cidr_blocks": null,
            "description": "Node groups to cluster API",
            "from_port": 443,
            "id": "sgrule-900600826",
            "ipv6_cidr_blocks": null,
            "prefix_list_ids": null,
            "protocol": "tcp",
            "security_group_id": "sg-03f6e1140d2338647",
            "security_group_rule_id": "sgr-0254a27d19ce8b21d",
            "self": false,
            "source_security_group_id": "sg-0f1aef48ea43bcf4e",
            "timeouts": null,
            "to_port": 443,
            "type": "ingress"
          },
          "sensitive_attributes": [],
          "private": "eyJlMmJmYjczMC1lY2FhLTExZTYtOGY4OC0zNDM2M2JjN2M0YzAiOnsiY3JlYXRlIjozMDAwMDAwMDAwMDB9LCJzY2hlbWFfdmVyc2lvbiI6IjIifQ==",
          "dependencies": [
            "module.kubernetes.module.eks.aws_security_group.cluster",
            "module.kubernetes.module.eks.aws_security_group.node",
            "module.kubernetes.random_id.server"
          ],
          "create_before_destroy": true
        }
      ]
    },
    {
      "module": "module.kubernetes.module.eks",
      "mode": "managed",
      "type": "aws_security_group_rule",
      "name": "node",
      "provider": "provider[\"registry.terraform.io/hashicorp/aws\"]",
      "instances": [
        {
          "index_key": "egress_all",
          "schema_version": 2,
          "attributes": {
            "cidr_blocks": [
              "0.0.0.0/0"
            ],
            "description": "Allow all egress",
            "from_port": 0,
            "id": "sgrule-1245676763",
            "ipv6_cidr_blocks": null,
            "prefix_list_ids": [],
            "protocol": "-1",
            "security_group_id": "sg-0f1aef48ea43bcf4e",
            "security_group_rule_id": "sgr-0907a965da2c7ca10",
            "self": false,
            "source_security_group_id": null,
            "timeouts": null,
            "to_port": 0,
            "type": "egress"
          },
          "sensitive_attributes": [],
          "private": "eyJlMmJmYjczMC1lY2FhLTExZTYtOGY4OC0zNDM2M2JjN2M0YzAiOnsiY3JlYXRlIjozMDAwMDAwMDAwMDB9LCJzY2hlbWFfdmVyc2lvbiI6IjIifQ==",
          "dependencies": [
            "module.kubernetes.module.eks.aws_security_group.cluster",
            "module.kubernetes.module.eks.aws_security_group.node",
            "module.kubernetes.random_id.server"
          ],
          "create_before_destroy": true
        },
        {
          "index_key": "ingress_cluster_443",
          "schema_version": 2,
          "attributes": {
            "cidr_blocks": null,
            "description": "Cluster API to node groups",
            "from_port": 443,
            "id": "sgrule-1045950187",
            "ipv6_cidr_blocks": null,
            "prefix_list_ids": [],
            "protocol": "tcp",
            "security_group_id": "sg-0f1aef48ea43bcf4e",
            "security_group_rule_id": "sgr-08590ce8b5b8324f5",
            "self": false,
            "source_security_group_id": "sg-03f6e1140d2338647",
            "timeouts": null,
            "to_port": 443,
            "type": "ingress"
          },
          "sensitive_attributes": [],
          "private": "eyJlMmJmYjczMC1lY2FhLTExZTYtOGY4OC0zNDM2M2JjN2M0YzAiOnsiY3JlYXRlIjozMDAwMDAwMDAwMDB9LCJzY2hlbWFfdmVyc2lvbiI6IjIifQ==",
          "dependencies": [
            "module.kubernetes.module.eks.aws_security_group.cluster",
            "module.kubernetes.module.eks.aws_security_group.node",
            "module.kubernetes.random_id.server"
          ],
          "create_before_destroy": true
        },
        {
          "index_key": "ingress_cluster_4443_webhook",
          "schema_version": 2,
          "attributes": {
            "cidr_blocks": null,
            "description": "Cluster API to node 4443/tcp webhook",
            "from_port": 4443,
            "id": "sgrule-334648231",
            "ipv6_cidr_blocks": null,
            "prefix_list_ids": [],
            "protocol": "tcp",
            "security_group_id": "sg-0f1aef48ea43bcf4e",
            "security_group_rule_id": "sgr-0d1e7c05ff21deead",
            "self": false,
            "source_security_group_id": "sg-03f6e1140d2338647",
            "timeouts": null,
            "to_port": 4443,
            "type": "ingress"
          },
          "sensitive_attributes": [],
          "private": "eyJlMmJmYjczMC1lY2FhLTExZTYtOGY4OC0zNDM2M2JjN2M0YzAiOnsiY3JlYXRlIjozMDAwMDAwMDAwMDB9LCJzY2hlbWFfdmVyc2lvbiI6IjIifQ==",
          "dependencies": [
            "module.kubernetes.module.eks.aws_security_group.cluster",
            "module.kubernetes.module.eks.aws_security_group.node",
            "module.kubernetes.random_id.server"
          ],
          "create_before_destroy": true
        },
        {
          "index_key": "ingress_cluster_6443_webhook",
          "schema_version": 2,
          "attributes": {
            "cidr_blocks": null,
            "description": "Cluster API to node 6443/tcp webhook",
            "from_port": 6443,
            "id": "sgrule-3668980785",
            "ipv6_cidr_blocks": null,
            "prefix_list_ids": [],
            "protocol": "tcp",
            "security_group_id": "sg-0f1aef48ea43bcf4e",
            "security_group_rule_id": "sgr-0171e47678a41b577",
            "self": false,
            "source_security_group_id": "sg-03f6e1140d2338647",
            "timeouts": null,
            "to_port": 6443,
            "type": "ingress"
          },
          "sensitive_attributes": [],
          "private": "eyJlMmJmYjczMC1lY2FhLTExZTYtOGY4OC0zNDM2M2JjN2M0YzAiOnsiY3JlYXRlIjozMDAwMDAwMDAwMDB9LCJzY2hlbWFfdmVyc2lvbiI6IjIifQ==",
          "dependencies": [
            "module.kubernetes.module.eks.aws_security_group.cluster",
            "module.kubernetes.module.eks.aws_security_group.node",
            "module.kubernetes.random_id.server"
          ],
          "create_before_destroy": true
        },
        {
          "index_key": "ingress_cluster_8443_webhook",
          "schema_version": 2,
          "attributes": {
            "cidr_blocks": null,
            "description": "Cluster API to node 8443/tcp webhook",
            "from_port": 8443,
            "id": "sgrule-3387688976",
            "ipv6_cidr_blocks": null,
            "prefix_list_ids": [],
            "protocol": "tcp",
            "security_group_id": "sg-0f1aef48ea43bcf4e",
            "security_group_rule_id": "sgr-0d43f3a7eb7f07798",
            "self": false,
            "source_security_group_id": "sg-03f6e1140d2338647",
            "timeouts": null,
            "to_port": 8443,
            "type": "ingress"
          },
          "sensitive_attributes": [],
          "private": "eyJlMmJmYjczMC1lY2FhLTExZTYtOGY4OC0zNDM2M2JjN2M0YzAiOnsiY3JlYXRlIjozMDAwMDAwMDAwMDB9LCJzY2hlbWFfdmVyc2lvbiI6IjIifQ==",
          "dependencies": [
            "module.kubernetes.module.eks.aws_security_group.cluster",
            "module.kubernetes.module.eks.aws_security_group.node",
            "module.kubernetes.random_id.server"
          ],
          "create_before_destroy": true
        },
        {
          "index_key": "ingress_cluster_9443_webhook",
          "schema_version": 2,
          "attributes": {
            "cidr_blocks": null,
            "description": "Cluster API to node 9443/tcp webhook",
            "from_port": 9443,
            "id": "sgrule-2907519963",
            "ipv6_cidr_blocks": null,
            "prefix_list_ids": [],
            "protocol": "tcp",
            "security_group_id": "sg-0f1aef48ea43bcf4e",
            "security_group_rule_id": "sgr-067e2af23ba12f0c9",
            "self": false,
            "source_security_group_id": "sg-03f6e1140d2338647",
            "timeouts": null,
            "to_port": 9443,
            "type": "ingress"
          },
          "sensitive_attributes": [],
          "private": "eyJlMmJmYjczMC1lY2FhLTExZTYtOGY4OC0zNDM2M2JjN2M0YzAiOnsiY3JlYXRlIjozMDAwMDAwMDAwMDB9LCJzY2hlbWFfdmVyc2lvbiI6IjIifQ==",
          "dependencies": [
            "module.kubernetes.module.eks.aws_security_group.cluster",
            "module.kubernetes.module.eks.aws_security_group.node",
            "module.kubernetes.random_id.server"
          ],
          "create_before_destroy": true
        },
        {
          "index_key": "ingress_cluster_kubelet",
          "schema_version": 2,
          "attributes": {
            "cidr_blocks": null,
            "description": "Cluster API to node kubelets",
            "from_port": 10250,
            "id": "sgrule-1099458228",
            "ipv6_cidr_blocks": null,
            "prefix_list_ids": [],
            "protocol": "tcp",
            "security_group_id": "sg-0f1aef48ea43bcf4e",
            "security_group_rule_id": "sgr-0c1385cf728ac61dc",
            "self": false,
            "source_security_group_id": "sg-03f6e1140d2338647",
            "timeouts": null,
            "to_port": 10250,
            "type": "ingress"
          },
          "sensitive_attributes": [],
          "private": "eyJlMmJmYjczMC1lY2FhLTExZTYtOGY4OC0zNDM2M2JjN2M0YzAiOnsiY3JlYXRlIjozMDAwMDAwMDAwMDB9LCJzY2hlbWFfdmVyc2lvbiI6IjIifQ==",
          "dependencies": [
            "module.kubernetes.module.eks.aws_security_group.cluster",
            "module.kubernetes.module.eks.aws_security_group.node",
            "module.kubernetes.random_id.server"
          ],
          "create_before_destroy": true
        },
        {
          "index_key": "ingress_nodes_ephemeral",
          "schema_version": 2,
          "attributes": {
            "cidr_blocks": null,
            "description": "Node to node ingress on ephemeral ports",
            "from_port": 1025,
            "id": "sgrule-1022932435",
            "ipv6_cidr_blocks": null,
            "prefix_list_ids": [],
            "protocol": "tcp",
            "security_group_id": "sg-0f1aef48ea43bcf4e",
            "security_group_rule_id": "sgr-05da5819f830269d1",
            "self": true,
            "source_security_group_id": null,
            "timeouts": null,
            "to_port": 65535,
            "type": "ingress"
          },
          "sensitive_attributes": [],
          "private": "eyJlMmJmYjczMC1lY2FhLTExZTYtOGY4OC0zNDM2M2JjN2M0YzAiOnsiY3JlYXRlIjozMDAwMDAwMDAwMDB9LCJzY2hlbWFfdmVyc2lvbiI6IjIifQ==",
          "dependencies": [
            "module.kubernetes.module.eks.aws_security_group.cluster",
            "module.kubernetes.module.eks.aws_security_group.node",
            "module.kubernetes.random_id.server"
          ],
          "create_before_destroy": true
        },
        {
          "index_key": "ingress_self_coredns_tcp",
          "schema_version": 2,
          "attributes": {
            "cidr_blocks": null,
            "description": "Node to node CoreDNS",
            "from_port": 53,
            "id": "sgrule-3488047309",
            "ipv6_cidr_blocks": null,
            "prefix_list_ids": [],
            "protocol": "tcp",
            "security_group_id": "sg-0f1aef48ea43bcf4e",
            "security_group_rule_id": "sgr-0e0bd4c7b94ff2776",
            "self": true,
            "source_security_group_id": null,
            "timeouts": null,
            "to_port": 53,
            "type": "ingress"
          },
          "sensitive_attributes": [],
          "private": "eyJlMmJmYjczMC1lY2FhLTExZTYtOGY4OC0zNDM2M2JjN2M0YzAiOnsiY3JlYXRlIjozMDAwMDAwMDAwMDB9LCJzY2hlbWFfdmVyc2lvbiI6IjIifQ==",
          "dependencies": [
            "module.kubernetes.module.eks.aws_security_group.cluster",
            "module.kubernetes.module.eks.aws_security_group.node",
            "module.kubernetes.random_id.server"
          ],
          "create_before_destroy": true
        },
        {
          "index_key": "ingress_self_coredns_udp",
          "schema_version": 2,
          "attributes": {
            "cidr_blocks": null,
            "description": "Node to node CoreDNS UDP",
            "from_port": 53,
            "id": "sgrule-1807270690",
            "ipv6_cidr_blocks": null,
            "prefix_list_ids": [],
            "protocol": "udp",
            "security_group_id": "sg-0f1aef48ea43bcf4e",
            "security_group_rule_id": "sgr-076697bdb594fb656",
            "self": true,
            "source_security_group_id": null,
            "timeouts": null,
            "to_port": 53,
            "type": "ingress"
          },
          "sensitive_attributes": [],
          "private": "eyJlMmJmYjczMC1lY2FhLTExZTYtOGY4OC0zNDM2M2JjN2M0YzAiOnsiY3JlYXRlIjozMDAwMDAwMDAwMDB9LCJzY2hlbWFfdmVyc2lvbiI6IjIifQ==",
          "dependencies": [
            "module.kubernetes.module.eks.aws_security_group.cluster",
            "module.kubernetes.module.eks.aws_security_group.node",
            "module.kubernetes.random_id.server"
          ],
          "create_before_destroy": true
        }
      ]
    },
    {
      "module": "module.kubernetes.module.eks",
      "mode": "managed",
      "type": "time_sleep",
      "name": "this",
      "provider": "provider[\"registry.terraform.io/hashicorp/time\"]",
      "instances": [
        {
          "index_key": 0,
          "schema_version": 0,
          "attributes": {
            "create_duration": "30s",
            "destroy_duration": null,
            "id": "2024-06-11T21:00:18Z",
            "triggers": {
              "cluster_certificate_authority_data": "LS0tLS1CRUdJTiBDRVJUSUZJQ0FURS0tLS0tCk1JSURCVENDQWUyZ0F3SUJBZ0lJWG93RkdkR0dwU2t3RFFZSktvWklodmNOQVFFTEJRQXdGVEVUTUJFR0ExVUUKQXhNS2EzVmlaWEp1WlhSbGN6QWVGdzB5TkRBMk1URXlNRFE1TlRCYUZ3MHpOREEyTURreU1EVTBOVEJhTUJVeApFekFSQmdOVkJBTVRDbXQxWW1WeWJtVjBaWE13Z2dFaU1BMEdDU3FHU0liM0RRRUJBUVVBQTRJQkR3QXdnZ0VLCkFvSUJBUUR1cHluSGFDbWtqODkwdUxFSGhISTNsbFRvRkpzVjkxS0Zlbk5ybXUvNkZoazNadDBMbTBINlE3b2EKT3VrMmdWa2tFVG01TUEzdWNsNzduRk1KL0sxWThQbTJNUzVIQVNvUmk4cmdBSzg3TGtJMDgwR09lWjlFWUQ3MApFVHBtb3JLekFmSXNUcDl1UUpPdVpSQ2lwR0FJZlRMeUVWOHMrekcvdjVmMUowMGNlOVNLTWNRTXRYZXJYeFlzCnR0MG5UMXZreXA1UTRwMDd0dDBabWo2Y080OUlTR3hZakVlazBvMjhXdm5lN2R5b2RFb0lLMlcyaHFsc0pnb2sKZGloQy9ncHlKb2daQTRVbGZ0K0szOS8vZXN2dnpWQTJGOVlsYVdLdUJvRmxFeTllbmdSS0hxZEsrMGdPN3lMSwpacWc3ZXpIbzVVOC9uNlI5RkFQamx4R3RwdldwQWdNQkFBR2pXVEJYTUE0R0ExVWREd0VCL3dRRUF3SUNwREFQCkJnTlZIUk1CQWY4RUJUQURBUUgvTUIwR0ExVWREZ1FXQkJRbEVzc0hsNXlUdU41NTllT2ZtY0tqQ0dRQTRqQVYKQmdOVkhSRUVEakFNZ2dwcmRXSmxjbTVsZEdWek1BMEdDU3FHU0liM0RRRUJDd1VBQTRJQkFRQlFCeTc1QlZBcQpVUEd3NjFPbldLenpFMDJwcFdoeU5ZUnlwTFZyWnZhWVFnTXM5WkJRamh1TFlxUUx5eXZvQ3dDZXNxOXljNUNpCm1adzczRGhrMlVNY3lVQ2ZZalRCZjhiWlBVZlBlY1NFeCtjVjNpWU9Eb1d3Slg3eEVCcEdkRGVacmxoMEJybVMKOFdkUlFscENkTElaSzJKN1Q2aGpTTFJuemJJMmtaZE5hczZuOURwbWl4YldqUU9ma25xakcxcFlUSHJzaXFsawpDWnpHcHVmS2cyMGc2L2xsSzdZY29YOVlFNUhmWk4wVVN3Y2RyYmRKZjVyL2t5cjQzRklBbTY1azVKRURXaGc3ClFEbnJZWVNYdWVLcmdSSTNqcVIxejFxUUFoYjRNaXVXMC9YbTBKTXluRUdqOG5Tdm1tRVV5dE5FSFQyczlVNjQKeGVyTW1kQm9KVmhUCi0tLS0tRU5EIENFUlRJRklDQVRFLS0tLS0K",
              "cluster_endpoint": "https://22787C4C267AC43333B6EDE9A7F3C427.sk1.us-west-2.eks.amazonaws.com",
              "cluster_name": "reducto-cluster-41fd421f",
              "cluster_service_cidr": "10.100.0.0/16",
              "cluster_version": "1.29"
            }
          },
          "sensitive_attributes": [],
          "dependencies": [
            "module.kubernetes.module.eks.aws_cloudwatch_log_group.this",
            "module.kubernetes.module.eks.aws_eks_cluster.this",
            "module.kubernetes.module.eks.aws_iam_policy.cni_ipv6_policy",
            "module.kubernetes.module.eks.aws_iam_role.this",
            "module.kubernetes.module.eks.aws_iam_role_policy_attachment.this",
            "module.kubernetes.module.eks.aws_security_group.cluster",
            "module.kubernetes.module.eks.aws_security_group.node",
            "module.kubernetes.module.eks.aws_security_group_rule.cluster",
            "module.kubernetes.module.eks.aws_security_group_rule.node",
            "module.kubernetes.module.eks.data.aws_caller_identity.current",
            "module.kubernetes.module.eks.data.aws_iam_policy_document.assume_role_policy",
            "module.kubernetes.module.eks.data.aws_iam_policy_document.cni_ipv6_policy",
            "module.kubernetes.module.eks.data.aws_iam_session_context.current",
            "module.kubernetes.module.eks.data.aws_partition.current",
            "module.kubernetes.module.eks.module.kms.aws_kms_external_key.this",
            "module.kubernetes.module.eks.module.kms.aws_kms_key.this",
            "module.kubernetes.module.eks.module.kms.aws_kms_replica_external_key.this",
            "module.kubernetes.module.eks.module.kms.aws_kms_replica_key.this",
            "module.kubernetes.module.eks.module.kms.data.aws_caller_identity.current",
            "module.kubernetes.module.eks.module.kms.data.aws_iam_policy_document.this",
            "module.kubernetes.module.eks.module.kms.data.aws_partition.current",
            "module.kubernetes.random_id.server"
          ],
          "create_before_destroy": true
        }
      ]
    },
    {
      "module": "module.kubernetes.module.eks.module.eks_managed_node_group[\"one\"]",
      "mode": "data",
      "type": "aws_caller_identity",
      "name": "current",
      "provider": "provider[\"registry.terraform.io/hashicorp/aws\"]",
      "instances": [
        {
          "schema_version": 0,
          "attributes": {
            "account_id": "731106932034",
            "arn": "arn:aws:iam::731106932034:user/raunak",
            "id": "731106932034",
            "user_id": "AIDA2UOK6OVBALTMRAMTB"
          },
          "sensitive_attributes": []
        }
      ]
    },
    {
      "module": "module.kubernetes.module.eks.module.eks_managed_node_group[\"one\"]",
      "mode": "data",
      "type": "aws_iam_policy_document",
      "name": "assume_role_policy",
      "provider": "provider[\"registry.terraform.io/hashicorp/aws\"]",
      "instances": [
        {
          "index_key": 0,
          "schema_version": 0,
          "attributes": {
            "id": "2560088296",
            "json": "{\n  \"Version\": \"2012-10-17\",\n  \"Statement\": [\n    {\n      \"Sid\": \"EKSNodeAssumeRole\",\n      \"Effect\": \"Allow\",\n      \"Action\": \"sts:AssumeRole\",\n      \"Principal\": {\n        \"Service\": \"ec2.amazonaws.com\"\n      }\n    }\n  ]\n}",
            "minified_json": "{\"Version\":\"2012-10-17\",\"Statement\":[{\"Sid\":\"EKSNodeAssumeRole\",\"Effect\":\"Allow\",\"Action\":\"sts:AssumeRole\",\"Principal\":{\"Service\":\"ec2.amazonaws.com\"}}]}",
            "override_json": null,
            "override_policy_documents": null,
            "policy_id": null,
            "source_json": null,
            "source_policy_documents": null,
            "statement": [
              {
                "actions": [
                  "sts:AssumeRole"
                ],
                "condition": [],
                "effect": "Allow",
                "not_actions": [],
                "not_principals": [],
                "not_resources": [],
                "principals": [
                  {
                    "identifiers": [
                      "ec2.amazonaws.com"
                    ],
                    "type": "Service"
                  }
                ],
                "resources": [],
                "sid": "EKSNodeAssumeRole"
              }
            ],
            "version": "2012-10-17"
          },
          "sensitive_attributes": []
        }
      ]
    },
    {
      "module": "module.kubernetes.module.eks.module.eks_managed_node_group[\"one\"]",
      "mode": "data",
      "type": "aws_partition",
      "name": "current",
      "provider": "provider[\"registry.terraform.io/hashicorp/aws\"]",
      "instances": [
        {
          "schema_version": 0,
          "attributes": {
            "dns_suffix": "amazonaws.com",
            "id": "aws",
            "partition": "aws",
            "reverse_dns_prefix": "com.amazonaws"
          },
          "sensitive_attributes": []
        }
      ]
    },
    {
      "module": "module.kubernetes.module.eks.module.eks_managed_node_group[\"one\"]",
      "mode": "managed",
      "type": "aws_eks_node_group",
      "name": "this",
      "provider": "provider[\"registry.terraform.io/hashicorp/aws\"]",
      "instances": [
        {
          "index_key": 0,
          "schema_version": 0,
          "attributes": {
            "ami_type": "AL2_x86_64",
            "arn": "arn:aws:eks:us-west-2:731106932034:nodegroup/reducto-cluster-41fd421f/node-group-1-20240611221206819100000001/0ec804ad-e162-2ab4-a67a-c93f559c387e",
            "capacity_type": "ON_DEMAND",
            "cluster_name": "reducto-cluster-41fd421f",
            "disk_size": 0,
            "force_update_version": null,
            "id": "reducto-cluster-41fd421f:node-group-1-20240611221206819100000001",
            "instance_types": [
              "t3.small"
            ],
            "labels": {},
            "launch_template": [
              {
                "id": "lt-0126d6f0a94dd6130",
                "name": "one-2024061121001893990000000c",
                "version": "1"
              }
            ],
            "node_group_name": "node-group-1-20240611221206819100000001",
            "node_group_name_prefix": "node-group-1-",
            "node_role_arn": "arn:aws:iam::731106932034:role/node-group-1-eks-node-group-20240611204924222000000001",
            "release_version": "1.29.3-20240605",
            "remote_access": [],
            "resources": [
              {
                "autoscaling_groups": [
                  {
                    "name": "eks-node-group-1-20240611221206819100000001-0ec804ad-e162-2ab4-a67a-c93f559c387e"
                  }
                ],
                "remote_access_security_group_id": ""
              }
            ],
            "scaling_config": [
              {
                "desired_size": 1,
                "max_size": 2,
                "min_size": 1
              }
            ],
            "status": "ACTIVE",
            "subnet_ids": [
              "subnet-00a5188f9889e32d6",
              "subnet-03c68312710fc39b4",
              "subnet-0782f8a7b340eec4b"
            ],
            "tags": {
              "Name": "node-group-1"
            },
            "tags_all": {
              "Name": "node-group-1"
            },
            "taint": [],
            "timeouts": {
              "create": null,
              "delete": null,
              "update": null
            },
            "update_config": [
              {
                "max_unavailable": 0,
                "max_unavailable_percentage": 33
              }
            ],
            "version": "1.29"
          },
          "sensitive_attributes": [],
          "private": "eyJlMmJmYjczMC1lY2FhLTExZTYtOGY4OC0zNDM2M2JjN2M0YzAiOnsiY3JlYXRlIjozNjAwMDAwMDAwMDAwLCJkZWxldGUiOjM2MDAwMDAwMDAwMDAsInVwZGF0ZSI6MzYwMDAwMDAwMDAwMH19",
          "dependencies": [
            "module.kubernetes.module.eks.aws_cloudwatch_log_group.this",
            "module.kubernetes.module.eks.aws_eks_cluster.this",
            "module.kubernetes.module.eks.aws_iam_policy.cni_ipv6_policy",
            "module.kubernetes.module.eks.aws_iam_role.this",
            "module.kubernetes.module.eks.aws_iam_role_policy_attachment.this",
            "module.kubernetes.module.eks.aws_security_group.cluster",
            "module.kubernetes.module.eks.aws_security_group.node",
            "module.kubernetes.module.eks.aws_security_group_rule.cluster",
            "module.kubernetes.module.eks.aws_security_group_rule.node",
            "module.kubernetes.module.eks.data.aws_caller_identity.current",
            "module.kubernetes.module.eks.data.aws_iam_policy_document.assume_role_policy",
            "module.kubernetes.module.eks.data.aws_iam_policy_document.cni_ipv6_policy",
            "module.kubernetes.module.eks.data.aws_iam_session_context.current",
            "module.kubernetes.module.eks.data.aws_partition.current",
            "module.kubernetes.module.eks.module.eks_managed_node_group.aws_iam_role.this",
            "module.kubernetes.module.eks.module.eks_managed_node_group.aws_iam_role_policy_attachment.this",
            "module.kubernetes.module.eks.module.eks_managed_node_group.aws_launch_template.this",
            "module.kubernetes.module.eks.module.eks_managed_node_group.aws_placement_group.this",
            "module.kubernetes.module.eks.module.eks_managed_node_group.data.aws_caller_identity.current",
            "module.kubernetes.module.eks.module.eks_managed_node_group.data.aws_ec2_instance_type.this",
            "module.kubernetes.module.eks.module.eks_managed_node_group.data.aws_ec2_instance_type_offerings.this",
            "module.kubernetes.module.eks.module.eks_managed_node_group.data.aws_iam_policy_document.assume_role_policy",
            "module.kubernetes.module.eks.module.eks_managed_node_group.data.aws_partition.current",
            "module.kubernetes.module.eks.module.eks_managed_node_group.data.aws_ssm_parameter.ami",
            "module.kubernetes.module.eks.module.eks_managed_node_group.data.aws_subnets.efa",
            "module.kubernetes.module.eks.module.eks_managed_node_group.module.user_data.data.cloudinit_config.al2023_eks_managed_node_group",
            "module.kubernetes.module.eks.module.eks_managed_node_group.module.user_data.data.cloudinit_config.linux_eks_managed_node_group",
            "module.kubernetes.module.eks.module.kms.aws_kms_external_key.this",
            "module.kubernetes.module.eks.module.kms.aws_kms_key.this",
            "module.kubernetes.module.eks.module.kms.aws_kms_replica_external_key.this",
            "module.kubernetes.module.eks.module.kms.aws_kms_replica_key.this",
            "module.kubernetes.module.eks.module.kms.data.aws_caller_identity.current",
            "module.kubernetes.module.eks.module.kms.data.aws_iam_policy_document.this",
            "module.kubernetes.module.eks.module.kms.data.aws_partition.current",
            "module.kubernetes.module.eks.time_sleep.this",
            "module.kubernetes.random_id.server"
          ],
          "create_before_destroy": true
        }
      ]
    },
    {
      "module": "module.kubernetes.module.eks.module.eks_managed_node_group[\"one\"]",
      "mode": "managed",
      "type": "aws_iam_role",
      "name": "this",
      "provider": "provider[\"registry.terraform.io/hashicorp/aws\"]",
      "instances": [
        {
          "index_key": 0,
          "schema_version": 0,
          "attributes": {
            "arn": "arn:aws:iam::731106932034:role/node-group-1-eks-node-group-20240611204924222000000001",
            "assume_role_policy": "{\"Statement\":[{\"Action\":\"sts:AssumeRole\",\"Effect\":\"Allow\",\"Principal\":{\"Service\":\"ec2.amazonaws.com\"},\"Sid\":\"EKSNodeAssumeRole\"}],\"Version\":\"2012-10-17\"}",
            "create_date": "2024-06-11T20:49:24Z",
            "description": "EKS managed node group IAM role",
            "force_detach_policies": true,
            "id": "node-group-1-eks-node-group-20240611204924222000000001",
            "inline_policy": [],
            "managed_policy_arns": [
              "arn:aws:iam::aws:policy/AmazonEC2ContainerRegistryReadOnly",
              "arn:aws:iam::aws:policy/AmazonEKSWorkerNodePolicy",
              "arn:aws:iam::aws:policy/AmazonEKS_CNI_Policy"
            ],
            "max_session_duration": 3600,
            "name": "node-group-1-eks-node-group-20240611204924222000000001",
            "name_prefix": "node-group-1-eks-node-group-",
            "path": "/",
            "permissions_boundary": "",
            "tags": {},
            "tags_all": {},
            "unique_id": "AROA2UOK6OVBNBRDXEPQN"
          },
          "sensitive_attributes": [],
          "private": "bnVsbA==",
          "dependencies": [
            "module.kubernetes.module.eks.module.eks_managed_node_group.data.aws_iam_policy_document.assume_role_policy"
          ],
          "create_before_destroy": true
        }
      ]
    },
    {
      "module": "module.kubernetes.module.eks.module.eks_managed_node_group[\"one\"]",
      "mode": "managed",
      "type": "aws_iam_role_policy_attachment",
      "name": "this",
      "provider": "provider[\"registry.terraform.io/hashicorp/aws\"]",
      "instances": [
        {
          "index_key": "AmazonEC2ContainerRegistryReadOnly",
          "schema_version": 0,
          "attributes": {
            "id": "node-group-1-eks-node-group-20240611204924222000000001-20240611204925088200000006",
            "policy_arn": "arn:aws:iam::aws:policy/AmazonEC2ContainerRegistryReadOnly",
            "role": "node-group-1-eks-node-group-20240611204924222000000001"
          },
          "sensitive_attributes": [],
          "private": "bnVsbA==",
          "dependencies": [
            "module.kubernetes.module.eks.module.eks_managed_node_group.aws_iam_role.this",
            "module.kubernetes.module.eks.module.eks_managed_node_group.data.aws_caller_identity.current",
            "module.kubernetes.module.eks.module.eks_managed_node_group.data.aws_iam_policy_document.assume_role_policy",
            "module.kubernetes.module.eks.module.eks_managed_node_group.data.aws_partition.current"
          ],
          "create_before_destroy": true
        },
        {
          "index_key": "AmazonEKSWorkerNodePolicy",
          "schema_version": 0,
          "attributes": {
            "id": "node-group-1-eks-node-group-20240611204924222000000001-20240611204925209100000007",
            "policy_arn": "arn:aws:iam::aws:policy/AmazonEKSWorkerNodePolicy",
            "role": "node-group-1-eks-node-group-20240611204924222000000001"
          },
          "sensitive_attributes": [],
          "private": "bnVsbA==",
          "dependencies": [
            "module.kubernetes.module.eks.module.eks_managed_node_group.aws_iam_role.this",
            "module.kubernetes.module.eks.module.eks_managed_node_group.data.aws_caller_identity.current",
            "module.kubernetes.module.eks.module.eks_managed_node_group.data.aws_iam_policy_document.assume_role_policy",
            "module.kubernetes.module.eks.module.eks_managed_node_group.data.aws_partition.current"
          ],
          "create_before_destroy": true
        },
        {
          "index_key": "AmazonEKS_CNI_Policy",
          "schema_version": 0,
          "attributes": {
            "id": "node-group-1-eks-node-group-20240611204924222000000001-20240611204925071400000005",
            "policy_arn": "arn:aws:iam::aws:policy/AmazonEKS_CNI_Policy",
            "role": "node-group-1-eks-node-group-20240611204924222000000001"
          },
          "sensitive_attributes": [],
          "private": "bnVsbA==",
          "dependencies": [
            "module.kubernetes.module.eks.module.eks_managed_node_group.aws_iam_role.this",
            "module.kubernetes.module.eks.module.eks_managed_node_group.data.aws_caller_identity.current",
            "module.kubernetes.module.eks.module.eks_managed_node_group.data.aws_iam_policy_document.assume_role_policy",
            "module.kubernetes.module.eks.module.eks_managed_node_group.data.aws_partition.current"
          ],
          "create_before_destroy": true
        }
      ]
    },
    {
      "module": "module.kubernetes.module.eks.module.eks_managed_node_group[\"one\"]",
      "mode": "managed",
      "type": "aws_launch_template",
      "name": "this",
      "provider": "provider[\"registry.terraform.io/hashicorp/aws\"]",
      "instances": [
        {
          "index_key": 0,
          "schema_version": 0,
          "attributes": {
            "arn": "arn:aws:ec2:us-west-2:731106932034:launch-template/lt-0126d6f0a94dd6130",
            "block_device_mappings": [],
            "capacity_reservation_specification": [],
            "cpu_options": [],
            "credit_specification": [],
            "default_version": 1,
            "description": "Custom launch template for node-group-1 EKS managed node group",
            "disable_api_stop": false,
            "disable_api_termination": false,
            "ebs_optimized": "",
            "elastic_gpu_specifications": [],
            "elastic_inference_accelerator": [],
            "enclave_options": [],
            "hibernation_options": [],
            "iam_instance_profile": [],
            "id": "lt-0126d6f0a94dd6130",
            "image_id": "",
            "instance_initiated_shutdown_behavior": "",
            "instance_market_options": [],
            "instance_requirements": [],
            "instance_type": "",
            "kernel_id": "",
            "key_name": "",
            "latest_version": 1,
            "license_specification": [],
            "maintenance_options": [],
            "metadata_options": [
              {
                "http_endpoint": "enabled",
                "http_protocol_ipv6": "",
                "http_put_response_hop_limit": 2,
                "http_tokens": "required",
                "instance_metadata_tags": ""
              }
            ],
            "monitoring": [
              {
                "enabled": true
              }
            ],
            "name": "one-2024061121001893990000000c",
            "name_prefix": "one-",
            "network_interfaces": [],
            "placement": [],
            "private_dns_name_options": [],
            "ram_disk_id": "",
            "security_group_names": [],
            "tag_specifications": [
              {
                "resource_type": "instance",
                "tags": {
                  "Name": "node-group-1"
                }
              },
              {
                "resource_type": "network-interface",
                "tags": {
                  "Name": "node-group-1"
                }
              },
              {
                "resource_type": "volume",
                "tags": {
                  "Name": "node-group-1"
                }
              }
            ],
            "tags": {},
            "tags_all": {},
            "update_default_version": true,
            "user_data": "",
            "vpc_security_group_ids": [
              "sg-0f1aef48ea43bcf4e"
            ]
          },
          "sensitive_attributes": [],
          "private": "bnVsbA==",
          "dependencies": [
            "module.kubernetes.module.eks.aws_cloudwatch_log_group.this",
            "module.kubernetes.module.eks.aws_eks_cluster.this",
            "module.kubernetes.module.eks.aws_iam_policy.cni_ipv6_policy",
            "module.kubernetes.module.eks.aws_iam_role.this",
            "module.kubernetes.module.eks.aws_iam_role_policy_attachment.this",
            "module.kubernetes.module.eks.aws_security_group.cluster",
            "module.kubernetes.module.eks.aws_security_group.node",
            "module.kubernetes.module.eks.aws_security_group_rule.cluster",
            "module.kubernetes.module.eks.aws_security_group_rule.node",
            "module.kubernetes.module.eks.data.aws_caller_identity.current",
            "module.kubernetes.module.eks.data.aws_iam_policy_document.assume_role_policy",
            "module.kubernetes.module.eks.data.aws_iam_policy_document.cni_ipv6_policy",
            "module.kubernetes.module.eks.data.aws_iam_session_context.current",
            "module.kubernetes.module.eks.data.aws_partition.current",
            "module.kubernetes.module.eks.module.eks_managed_node_group.aws_iam_role.this",
            "module.kubernetes.module.eks.module.eks_managed_node_group.aws_iam_role_policy_attachment.this",
            "module.kubernetes.module.eks.module.eks_managed_node_group.aws_placement_group.this",
            "module.kubernetes.module.eks.module.eks_managed_node_group.data.aws_caller_identity.current",
            "module.kubernetes.module.eks.module.eks_managed_node_group.data.aws_ec2_instance_type.this",
            "module.kubernetes.module.eks.module.eks_managed_node_group.data.aws_iam_policy_document.assume_role_policy",
            "module.kubernetes.module.eks.module.eks_managed_node_group.data.aws_partition.current",
            "module.kubernetes.module.eks.module.eks_managed_node_group.module.user_data.data.cloudinit_config.al2023_eks_managed_node_group",
            "module.kubernetes.module.eks.module.eks_managed_node_group.module.user_data.data.cloudinit_config.linux_eks_managed_node_group",
            "module.kubernetes.module.eks.module.kms.aws_kms_external_key.this",
            "module.kubernetes.module.eks.module.kms.aws_kms_key.this",
            "module.kubernetes.module.eks.module.kms.aws_kms_replica_external_key.this",
            "module.kubernetes.module.eks.module.kms.aws_kms_replica_key.this",
            "module.kubernetes.module.eks.module.kms.data.aws_caller_identity.current",
            "module.kubernetes.module.eks.module.kms.data.aws_iam_policy_document.this",
            "module.kubernetes.module.eks.module.kms.data.aws_partition.current",
            "module.kubernetes.module.eks.time_sleep.this",
            "module.kubernetes.random_id.server"
          ],
          "create_before_destroy": true
        }
      ]
    },
    {
      "module": "module.kubernetes.module.eks.module.eks_managed_node_group[\"one\"].module.user_data",
      "mode": "managed",
      "type": "null_resource",
      "name": "validate_cluster_service_cidr",
      "provider": "provider[\"registry.terraform.io/hashicorp/null\"]",
      "instances": [
        {
          "schema_version": 0,
          "attributes": {
            "id": "5339463267262988679",
            "triggers": null
          },
          "sensitive_attributes": [],
          "dependencies": [
            "module.kubernetes.module.eks.aws_cloudwatch_log_group.this",
            "module.kubernetes.module.eks.aws_eks_cluster.this",
            "module.kubernetes.module.eks.aws_iam_policy.cni_ipv6_policy",
            "module.kubernetes.module.eks.aws_iam_role.this",
            "module.kubernetes.module.eks.aws_iam_role_policy_attachment.this",
            "module.kubernetes.module.eks.aws_security_group.cluster",
            "module.kubernetes.module.eks.aws_security_group.node",
            "module.kubernetes.module.eks.aws_security_group_rule.cluster",
            "module.kubernetes.module.eks.aws_security_group_rule.node",
            "module.kubernetes.module.eks.data.aws_caller_identity.current",
            "module.kubernetes.module.eks.data.aws_iam_policy_document.assume_role_policy",
            "module.kubernetes.module.eks.data.aws_iam_policy_document.cni_ipv6_policy",
            "module.kubernetes.module.eks.data.aws_iam_session_context.current",
            "module.kubernetes.module.eks.data.aws_partition.current",
            "module.kubernetes.module.eks.module.kms.aws_kms_external_key.this",
            "module.kubernetes.module.eks.module.kms.aws_kms_key.this",
            "module.kubernetes.module.eks.module.kms.aws_kms_replica_external_key.this",
            "module.kubernetes.module.eks.module.kms.aws_kms_replica_key.this",
            "module.kubernetes.module.eks.module.kms.data.aws_caller_identity.current",
            "module.kubernetes.module.eks.module.kms.data.aws_iam_policy_document.this",
            "module.kubernetes.module.eks.module.kms.data.aws_partition.current",
            "module.kubernetes.module.eks.time_sleep.this",
            "module.kubernetes.random_id.server"
          ]
        }
      ]
    },
    {
      "module": "module.kubernetes.module.eks.module.kms",
      "mode": "data",
      "type": "aws_caller_identity",
      "name": "current",
      "provider": "provider[\"registry.terraform.io/hashicorp/aws\"]",
      "instances": [
        {
          "index_key": 0,
          "schema_version": 0,
          "attributes": {
            "account_id": "731106932034",
            "arn": "arn:aws:iam::731106932034:user/raunak",
            "id": "731106932034",
            "user_id": "AIDA2UOK6OVBALTMRAMTB"
          },
          "sensitive_attributes": []
        }
      ]
    },
    {
      "module": "module.kubernetes.module.eks.module.kms",
      "mode": "data",
      "type": "aws_iam_policy_document",
      "name": "this",
      "provider": "provider[\"registry.terraform.io/hashicorp/aws\"]",
      "instances": [
        {
          "index_key": 0,
          "schema_version": 0,
          "attributes": {
            "id": "2758153299",
            "json": "{\n  \"Version\": \"2012-10-17\",\n  \"Statement\": [\n    {\n      \"Sid\": \"Default\",\n      \"Effect\": \"Allow\",\n      \"Action\": \"kms:*\",\n      \"Resource\": \"*\",\n      \"Principal\": {\n        \"AWS\": \"arn:aws:iam::731106932034:root\"\n      }\n    },\n    {\n      \"Sid\": \"KeyAdministration\",\n      \"Effect\": \"Allow\",\n      \"Action\": [\n        \"kms:Update*\",\n        \"kms:UntagResource\",\n        \"kms:TagResource\",\n        \"kms:ScheduleKeyDeletion\",\n        \"kms:Revoke*\",\n        \"kms:ReplicateKey\",\n        \"kms:Put*\",\n        \"kms:List*\",\n        \"kms:ImportKeyMaterial\",\n        \"kms:Get*\",\n        \"kms:Enable*\",\n        \"kms:Disable*\",\n        \"kms:Describe*\",\n        \"kms:Delete*\",\n        \"kms:Create*\",\n        \"kms:CancelKeyDeletion\"\n      ],\n      \"Resource\": \"*\",\n      \"Principal\": {\n        \"AWS\": \"arn:aws:iam::731106932034:user/raunak\"\n      }\n    },\n    {\n      \"Sid\": \"KeyUsage\",\n      \"Effect\": \"Allow\",\n      \"Action\": [\n        \"kms:ReEncrypt*\",\n        \"kms:GenerateDataKey*\",\n        \"kms:Encrypt\",\n        \"kms:DescribeKey\",\n        \"kms:Decrypt\"\n      ],\n      \"Resource\": \"*\",\n      \"Principal\": {\n        \"AWS\": \"arn:aws:iam::731106932034:role/reducto-cluster-41fd421f-cluster-20240611204924233100000004\"\n      }\n    }\n  ]\n}",
            "minified_json": "{\"Version\":\"2012-10-17\",\"Statement\":[{\"Sid\":\"Default\",\"Effect\":\"Allow\",\"Action\":\"kms:*\",\"Resource\":\"*\",\"Principal\":{\"AWS\":\"arn:aws:iam::731106932034:root\"}},{\"Sid\":\"KeyAdministration\",\"Effect\":\"Allow\",\"Action\":[\"kms:Update*\",\"kms:UntagResource\",\"kms:TagResource\",\"kms:ScheduleKeyDeletion\",\"kms:Revoke*\",\"kms:ReplicateKey\",\"kms:Put*\",\"kms:List*\",\"kms:ImportKeyMaterial\",\"kms:Get*\",\"kms:Enable*\",\"kms:Disable*\",\"kms:Describe*\",\"kms:Delete*\",\"kms:Create*\",\"kms:CancelKeyDeletion\"],\"Resource\":\"*\",\"Principal\":{\"AWS\":\"arn:aws:iam::731106932034:user/raunak\"}},{\"Sid\":\"KeyUsage\",\"Effect\":\"Allow\",\"Action\":[\"kms:ReEncrypt*\",\"kms:GenerateDataKey*\",\"kms:Encrypt\",\"kms:DescribeKey\",\"kms:Decrypt\"],\"Resource\":\"*\",\"Principal\":{\"AWS\":\"arn:aws:iam::731106932034:role/reducto-cluster-41fd421f-cluster-20240611204924233100000004\"}}]}",
            "override_json": null,
            "override_policy_documents": null,
            "policy_id": null,
            "source_json": null,
            "source_policy_documents": null,
            "statement": [
              {
                "actions": [
                  "kms:*"
                ],
                "condition": [],
                "effect": "Allow",
                "not_actions": [],
                "not_principals": [],
                "not_resources": [],
                "principals": [
                  {
                    "identifiers": [
                      "arn:aws:iam::731106932034:root"
                    ],
                    "type": "AWS"
                  }
                ],
                "resources": [
                  "*"
                ],
                "sid": "Default"
              },
              {
                "actions": [
                  "kms:CancelKeyDeletion",
                  "kms:Create*",
                  "kms:Delete*",
                  "kms:Describe*",
                  "kms:Disable*",
                  "kms:Enable*",
                  "kms:Get*",
                  "kms:ImportKeyMaterial",
                  "kms:List*",
                  "kms:Put*",
                  "kms:ReplicateKey",
                  "kms:Revoke*",
                  "kms:ScheduleKeyDeletion",
                  "kms:TagResource",
                  "kms:UntagResource",
                  "kms:Update*"
                ],
                "condition": [],
                "effect": "Allow",
                "not_actions": [],
                "not_principals": [],
                "not_resources": [],
                "principals": [
                  {
                    "identifiers": [
                      "arn:aws:iam::731106932034:user/raunak"
                    ],
                    "type": "AWS"
                  }
                ],
                "resources": [
                  "*"
                ],
                "sid": "KeyAdministration"
              },
              {
                "actions": [
                  "kms:Decrypt",
                  "kms:DescribeKey",
                  "kms:Encrypt",
                  "kms:GenerateDataKey*",
                  "kms:ReEncrypt*"
                ],
                "condition": [],
                "effect": "Allow",
                "not_actions": [],
                "not_principals": [],
                "not_resources": [],
                "principals": [
                  {
                    "identifiers": [
                      "arn:aws:iam::731106932034:role/reducto-cluster-41fd421f-cluster-20240611204924233100000004"
                    ],
                    "type": "AWS"
                  }
                ],
                "resources": [
                  "*"
                ],
                "sid": "KeyUsage"
              }
            ],
            "version": "2012-10-17"
          },
          "sensitive_attributes": []
        }
      ]
    },
    {
      "module": "module.kubernetes.module.eks.module.kms",
      "mode": "data",
      "type": "aws_partition",
      "name": "current",
      "provider": "provider[\"registry.terraform.io/hashicorp/aws\"]",
      "instances": [
        {
          "index_key": 0,
          "schema_version": 0,
          "attributes": {
            "dns_suffix": "amazonaws.com",
            "id": "aws",
            "partition": "aws",
            "reverse_dns_prefix": "com.amazonaws"
          },
          "sensitive_attributes": []
        }
      ]
    },
    {
      "module": "module.kubernetes.module.eks.module.kms",
      "mode": "managed",
      "type": "aws_kms_alias",
      "name": "this",
      "provider": "provider[\"registry.terraform.io/hashicorp/aws\"]",
      "instances": [
        {
          "index_key": "cluster",
          "schema_version": 0,
          "attributes": {
            "arn": "arn:aws:kms:us-west-2:731106932034:alias/eks/reducto-cluster-41fd421f",
            "id": "alias/eks/reducto-cluster-41fd421f",
            "name": "alias/eks/reducto-cluster-41fd421f",
            "name_prefix": "",
            "target_key_arn": "arn:aws:kms:us-west-2:731106932034:key/b4c5a532-8fe8-4103-92d7-e6ddfda3b7a6",
            "target_key_id": "b4c5a532-8fe8-4103-92d7-e6ddfda3b7a6"
          },
          "sensitive_attributes": [],
          "private": "bnVsbA==",
          "dependencies": [
            "module.kubernetes.module.eks.aws_iam_role.this",
            "module.kubernetes.module.eks.data.aws_caller_identity.current",
            "module.kubernetes.module.eks.data.aws_iam_policy_document.assume_role_policy",
            "module.kubernetes.module.eks.data.aws_iam_session_context.current",
            "module.kubernetes.module.eks.module.kms.aws_kms_external_key.this",
            "module.kubernetes.module.eks.module.kms.aws_kms_key.this",
            "module.kubernetes.module.eks.module.kms.aws_kms_replica_external_key.this",
            "module.kubernetes.module.eks.module.kms.aws_kms_replica_key.this",
            "module.kubernetes.module.eks.module.kms.data.aws_caller_identity.current",
            "module.kubernetes.module.eks.module.kms.data.aws_iam_policy_document.this",
            "module.kubernetes.module.eks.module.kms.data.aws_partition.current",
            "module.kubernetes.random_id.server"
          ]
        }
      ]
    },
    {
      "module": "module.kubernetes.module.eks.module.kms",
      "mode": "managed",
      "type": "aws_kms_key",
      "name": "this",
      "provider": "provider[\"registry.terraform.io/hashicorp/aws\"]",
      "instances": [
        {
          "index_key": 0,
          "schema_version": 0,
          "attributes": {
            "arn": "arn:aws:kms:us-west-2:731106932034:key/b4c5a532-8fe8-4103-92d7-e6ddfda3b7a6",
            "bypass_policy_lockout_safety_check": false,
            "custom_key_store_id": "",
            "customer_master_key_spec": "SYMMETRIC_DEFAULT",
            "deletion_window_in_days": null,
            "description": "reducto-cluster-41fd421f cluster encryption key",
            "enable_key_rotation": true,
            "id": "b4c5a532-8fe8-4103-92d7-e6ddfda3b7a6",
            "is_enabled": true,
            "key_id": "b4c5a532-8fe8-4103-92d7-e6ddfda3b7a6",
            "key_usage": "ENCRYPT_DECRYPT",
            "multi_region": false,
            "policy": "{\"Statement\":[{\"Action\":\"kms:*\",\"Effect\":\"Allow\",\"Principal\":{\"AWS\":\"arn:aws:iam::731106932034:root\"},\"Resource\":\"*\",\"Sid\":\"Default\"},{\"Action\":[\"kms:Update*\",\"kms:UntagResource\",\"kms:TagResource\",\"kms:ScheduleKeyDeletion\",\"kms:Revoke*\",\"kms:ReplicateKey\",\"kms:Put*\",\"kms:List*\",\"kms:ImportKeyMaterial\",\"kms:Get*\",\"kms:Enable*\",\"kms:Disable*\",\"kms:Describe*\",\"kms:Delete*\",\"kms:Create*\",\"kms:CancelKeyDeletion\"],\"Effect\":\"Allow\",\"Principal\":{\"AWS\":\"arn:aws:iam::731106932034:user/raunak\"},\"Resource\":\"*\",\"Sid\":\"KeyAdministration\"},{\"Action\":[\"kms:ReEncrypt*\",\"kms:GenerateDataKey*\",\"kms:Encrypt\",\"kms:DescribeKey\",\"kms:Decrypt\"],\"Effect\":\"Allow\",\"Principal\":{\"AWS\":\"arn:aws:iam::731106932034:role/reducto-cluster-41fd421f-cluster-20240611204924233100000004\"},\"Resource\":\"*\",\"Sid\":\"KeyUsage\"}],\"Version\":\"2012-10-17\"}",
            "rotation_period_in_days": 365,
            "tags": {
              "terraform-aws-modules": "eks"
            },
            "tags_all": {
              "terraform-aws-modules": "eks"
            },
            "timeouts": null,
            "xks_key_id": ""
          },
          "sensitive_attributes": [],
          "private": "eyJlMmJmYjczMC1lY2FhLTExZTYtOGY4OC0zNDM2M2JjN2M0YzAiOnsiY3JlYXRlIjoxMjAwMDAwMDAwMDB9fQ==",
          "dependencies": [
            "module.kubernetes.module.eks.aws_iam_role.this",
            "module.kubernetes.module.eks.data.aws_caller_identity.current",
            "module.kubernetes.module.eks.data.aws_iam_policy_document.assume_role_policy",
            "module.kubernetes.module.eks.data.aws_iam_session_context.current",
            "module.kubernetes.module.eks.module.kms.data.aws_caller_identity.current",
            "module.kubernetes.module.eks.module.kms.data.aws_iam_policy_document.this",
            "module.kubernetes.module.eks.module.kms.data.aws_partition.current",
            "module.kubernetes.random_id.server"
          ],
          "create_before_destroy": true
        }
      ]
    }
  ],
  "check_results": [
    {
      "object_kind": "resource",
      "config_addr": "module.kubernetes.module.eks.module.self_managed_node_group.module.user_data.null_resource.validate_cluster_service_cidr",
      "status": "pass",
      "objects": null
    },
    {
      "object_kind": "resource",
      "config_addr": "module.kubernetes.module.eks.module.eks_managed_node_group.module.user_data.null_resource.validate_cluster_service_cidr",
      "status": "pass",
      "objects": [
        {
          "object_addr": "module.kubernetes.module.eks.module.eks_managed_node_group[\"one\"].module.user_data.null_resource.validate_cluster_service_cidr",
          "status": "pass"
        }
      ]
    }
  ]
}
